// !$*UTF8*$!
{
	archiveVersion = 1;
	classes = {
	};
	objectVersion = 56;
	objects = {

/* Begin PBXBuildFile section */
		8E09DD732DB9DE19007B304D /* HomeView.swift in Sources */ = {isa = PBXBuildFile; fileRef = 8E09DD722DB9DE19007B304D /* HomeView.swift */; };
		8E09DD762DB9E3CB007B304D /* HiPageHelper.swift in Sources */ = {isa = PBXBuildFile; fileRef = 8E09DD742DB9E3CB007B304D /* HiPageHelper.swift */; };
		8E09DD7A2DB9E401007B304D /* HiHudToast.swift in Sources */ = {isa = PBXBuildFile; fileRef = 8E09DD772DB9E401007B304D /* HiHudToast.swift */; };
		8E09DD7B2DB9E401007B304D /* HiToast.swift in Sources */ = {isa = PBXBuildFile; fileRef = 8E09DD782DB9E401007B304D /* HiToast.swift */; };
		8E09DD7D2DBA1F68007B304D /* HiTopListRespModel.swift in Sources */ = {isa = PBXBuildFile; fileRef = 8E09DD7C2DBA1F68007B304D /* HiTopListRespModel.swift */; };
		8E09DD802DBB26B2007B304D /* HiDashedLine.swift in Sources */ = {isa = PBXBuildFile; fileRef = 8E09DD7F2DBB26A9007B304D /* HiDashedLine.swift */; };
		8E09DD832DBB2F7D007B304D /* Kingfisher in Frameworks */ = {isa = PBXBuildFile; productRef = 8E09DD822DBB2F7D007B304D /* Kingfisher */; };
		8E09DD862DBB2FA7007B304D /* ObjectMapper in Frameworks */ = {isa = PBXBuildFile; productRef = 8E09DD852DBB2FA7007B304D /* ObjectMapper */; };
		8E09DD892DBB2FC7007B304D /* KakaJSON in Frameworks */ = {isa = PBXBuildFile; productRef = 8E09DD882DBB2FC7007B304D /* KakaJSON */; };
		8E09DD8C2DBB3371007B304D /* HiUnitCfgHandyJSON.swift in Sources */ = {isa = PBXBuildFile; fileRef = 8E09DD8B2DBB3371007B304D /* HiUnitCfgHandyJSON.swift */; };
		8E09DD912DBB3400007B304D /* HiUnitCfgKakaJSON.swift in Sources */ = {isa = PBXBuildFile; fileRef = 8E09DD8D2DBB3400007B304D /* HiUnitCfgKakaJSON.swift */; };
		8E09DD922DBB3400007B304D /* HiUnitCfgSwiftyJSON.swift in Sources */ = {isa = PBXBuildFile; fileRef = 8E09DD8F2DBB3400007B304D /* HiUnitCfgSwiftyJSON.swift */; };
		8E09DD932DBB3400007B304D /* HiUnitCfgObjectMapper.swift in Sources */ = {isa = PBXBuildFile; fileRef = 8E09DD8E2DBB3400007B304D /* HiUnitCfgObjectMapper.swift */; };
		8E09DD942DBB3400007B304D /* HiUnitCfgYYModel.swift in Sources */ = {isa = PBXBuildFile; fileRef = 8E09DD902DBB3400007B304D /* HiUnitCfgYYModel.swift */; };
		8E09DD962DBB5910007B304D /* HiRequest.swift in Sources */ = {isa = PBXBuildFile; fileRef = 8E09DD952DBB590F007B304D /* HiRequest.swift */; };
		8E09DDA92DBB779F007B304D /* HiNavigatorView.swift in Sources */ = {isa = PBXBuildFile; fileRef = 8E09DDA82DBB7792007B304D /* HiNavigatorView.swift */; };
		8E0A097E2D880DD100044ADD /* HiJsonLoadHelper.swift in Sources */ = {isa = PBXBuildFile; fileRef = 8E0A097B2D880DD100044ADD /* HiJsonLoadHelper.swift */; };
		8E0A097F2D880DD100044ADD /* HiJsonStrHelper.swift in Sources */ = {isa = PBXBuildFile; fileRef = 8E0A097C2D880DD100044ADD /* HiJsonStrHelper.swift */; };
		8E0DAEA32DBDD1C500061D52 /* HiSiteKakaJSON.swift in Sources */ = {isa = PBXBuildFile; fileRef = 8E0DAE9F2DBDD1C500061D52 /* HiSiteKakaJSON.swift */; };
		8E0DAEA42DBDD1C500061D52 /* HiSiteSwiftyJSON.swift in Sources */ = {isa = PBXBuildFile; fileRef = 8E0DAEA12DBDD1C500061D52 /* HiSiteSwiftyJSON.swift */; };
		8E0DAEA52DBDD1C500061D52 /* HiSiteObjectMapper.swift in Sources */ = {isa = PBXBuildFile; fileRef = 8E0DAEA02DBDD1C500061D52 /* HiSiteObjectMapper.swift */; };
		8E0DAEA62DBDD1C500061D52 /* HiSiteYYModel.swift in Sources */ = {isa = PBXBuildFile; fileRef = 8E0DAEA22DBDD1C500061D52 /* HiSiteYYModel.swift */; };
		8E0DAEA72DBDD1C500061D52 /* HiSiteHandyJSON.swift in Sources */ = {isa = PBXBuildFile; fileRef = 8E0DAE9E2DBDD1C500061D52 /* HiSiteHandyJSON.swift */; };
		8E0DAEA92DBDFBE900061D52 /* SiteView.swift in Sources */ = {isa = PBXBuildFile; fileRef = 8E0DAEA82DBDFBE900061D52 /* SiteView.swift */; };
		8E3887EA2D969B5E00627AAE /* HealthCodeView.swift in Sources */ = {isa = PBXBuildFile; fileRef = 8E3887E92D969B5E00627AAE /* HealthCodeView.swift */; };
		8E447BEF2BBD52DE009B0FBF /* Hi_SwiftUIApp.swift in Sources */ = {isa = PBXBuildFile; fileRef = 8E447BEE2BBD52DE009B0FBF /* Hi_SwiftUIApp.swift */; };
		8E447BF12BBD52DE009B0FBF /* ContentView.swift in Sources */ = {isa = PBXBuildFile; fileRef = 8E447BF02BBD52DE009B0FBF /* ContentView.swift */; };
		8E447BF32BBD52DF009B0FBF /* Assets.xcassets in Resources */ = {isa = PBXBuildFile; fileRef = 8E447BF22BBD52DF009B0FBF /* Assets.xcassets */; };
		8E447BF62BBD52DF009B0FBF /* Preview Assets.xcassets in Resources */ = {isa = PBXBuildFile; fileRef = 8E447BF52BBD52DF009B0FBF /* Preview Assets.xcassets */; };
		8E447C002BBD52DF009B0FBF /* Hi_SwiftUITests.swift in Sources */ = {isa = PBXBuildFile; fileRef = 8E447BFF2BBD52DF009B0FBF /* Hi_SwiftUITests.swift */; };
		8E447C0A2BBD52DF009B0FBF /* Hi_SwiftUIUITests.swift in Sources */ = {isa = PBXBuildFile; fileRef = 8E447C092BBD52DF009B0FBF /* Hi_SwiftUIUITests.swift */; };
		8E447C0C2BBD52DF009B0FBF /* Hi_SwiftUIUITestsLaunchTests.swift in Sources */ = {isa = PBXBuildFile; fileRef = 8E447C0B2BBD52DF009B0FBF /* Hi_SwiftUIUITestsLaunchTests.swift */; };
		8E741B872DA6751600DC90BE /* CarouselView.swift in Sources */ = {isa = PBXBuildFile; fileRef = 8E741B862DA6751400DC90BE /* CarouselView.swift */; };
		8E741B892DA7A07D00DC90BE /* String.swift in Sources */ = {isa = PBXBuildFile; fileRef = 8E741B882DA7A07800DC90BE /* String.swift */; };
		8E778D322D8D367500F18D1D /* Colors.swift in Sources */ = {isa = PBXBuildFile; fileRef = 8E778D312D8D367500F18D1D /* Colors.swift */; };
		8E778D352D8D46CB00F18D1D /* Const.swift in Sources */ = {isa = PBXBuildFile; fileRef = 8E778D342D8D46CB00F18D1D /* Const.swift */; };
		8E778D372D8D5CD100F18D1D /* HiListAppModuleRespModel.swift in Sources */ = {isa = PBXBuildFile; fileRef = 8E778D362D8D5CD100F18D1D /* HiListAppModuleRespModel.swift */; };
		8E7DC9CB2D8C0FFB00C03891 /* ElecCertView.swift in Sources */ = {isa = PBXBuildFile; fileRef = 8E7DC9CA2D8C0FFB00C03891 /* ElecCertView.swift */; };
		8E84EE042D91022600BD90E7 /* PopUpView.swift in Sources */ = {isa = PBXBuildFile; fileRef = 8E84EE032D91022600BD90E7 /* PopUpView.swift */; };
		8EC1C1312D891C20000EB8B4 /* NSObject+YYModel.m in Sources */ = {isa = PBXBuildFile; fileRef = 8EC1C12C2D891C20000EB8B4 /* NSObject+YYModel.m */; };
		8EC1C1322D891C20000EB8B4 /* YYClassInfo.m in Sources */ = {isa = PBXBuildFile; fileRef = 8EC1C12E2D891C20000EB8B4 /* YYClassInfo.m */; };
		8EC1C1342D891C56000EB8B4 /* Hi-SwiftUI-Bridging-Header.h in Sources */ = {isa = PBXBuildFile; fileRef = 8EC1C1332D891C56000EB8B4 /* Hi-SwiftUI-Bridging-Header.h */; };
		8EC1C13B2D894F4D000EB8B4 /* MockView.swift in Sources */ = {isa = PBXBuildFile; fileRef = 8EC1C13A2D894F4D000EB8B4 /* MockView.swift */; };
		8ECA6FC52D8403A600EBA4D3 /* SendRequestView.swift in Sources */ = {isa = PBXBuildFile; fileRef = 8ECA6FC42D84039900EBA4D3 /* SendRequestView.swift */; };
		8ECA6FD12D840E1F00EBA4D3 /* HiApiConfig.swift in Sources */ = {isa = PBXBuildFile; fileRef = 8ECA6FCB2D840E1F00EBA4D3 /* HiApiConfig.swift */; };
		8ECA6FD22D840E1F00EBA4D3 /* HiApiConfigPlugin.swift in Sources */ = {isa = PBXBuildFile; fileRef = 8ECA6FCC2D840E1F00EBA4D3 /* HiApiConfigPlugin.swift */; };
		8ECA6FD32D840E1F00EBA4D3 /* HiAPIConst.swift in Sources */ = {isa = PBXBuildFile; fileRef = 8ECA6FCD2D840E1F00EBA4D3 /* HiAPIConst.swift */; };
		8ECA6FD42D840E1F00EBA4D3 /* HiAPI.swift in Sources */ = {isa = PBXBuildFile; fileRef = 8ECA6FCA2D840E1F00EBA4D3 /* HiAPI.swift */; };
		8ECA6FDB2D8416F400EBA4D3 /* SwiftyJSON in Frameworks */ = {isa = PBXBuildFile; productRef = 8ECA6FDA2D8416F400EBA4D3 /* SwiftyJSON */; };
		8ECA6FDE2D84178200EBA4D3 /* MBProgressHUD in Frameworks */ = {isa = PBXBuildFile; productRef = 8ECA6FDD2D84178200EBA4D3 /* MBProgressHUD */; };
		8ECA6FE12D84263F00EBA4D3 /* HandyJSON in Frameworks */ = {isa = PBXBuildFile; productRef = 8ECA6FE02D84263F00EBA4D3 /* HandyJSON */; };
		8ECA6FE42D8426B300EBA4D3 /* HiUnitCfgRespModel.swift in Sources */ = {isa = PBXBuildFile; fileRef = 8ECA6FE32D8426B300EBA4D3 /* HiUnitCfgRespModel.swift */; };
		8EF1E2462D81356C0043DDD9 /* Moya in Frameworks */ = {isa = PBXBuildFile; productRef = 8EF1E2452D81356C0043DDD9 /* Moya */; };
		8EF1E2482D81356C0043DDD9 /* RxMoya in Frameworks */ = {isa = PBXBuildFile; productRef = 8EF1E2472D81356C0043DDD9 /* RxMoya */; };
		AE9D1EB06DADEE6BC177475E /* Pods_Hi_SwiftUI.framework in Frameworks */ = {isa = PBXBuildFile; fileRef = 137C2BD1B1A65D0E453D3851 /* Pods_Hi_SwiftUI.framework */; };
/* End PBXBuildFile section */

/* Begin PBXContainerItemProxy section */
		8E447BFC2BBD52DF009B0FBF /* PBXContainerItemProxy */ = {
			isa = PBXContainerItemProxy;
			containerPortal = 8E447BE32BBD52DE009B0FBF /* Project object */;
			proxyType = 1;
			remoteGlobalIDString = 8E447BEA2BBD52DE009B0FBF;
			remoteInfo = "Hi-SwiftUI";
		};
		8E447C062BBD52DF009B0FBF /* PBXContainerItemProxy */ = {
			isa = PBXContainerItemProxy;
			containerPortal = 8E447BE32BBD52DE009B0FBF /* Project object */;
			proxyType = 1;
			remoteGlobalIDString = 8E447BEA2BBD52DE009B0FBF;
			remoteInfo = "Hi-SwiftUI";
		};
/* End PBXContainerItemProxy section */

/* Begin PBXFileReference section */
		137C2BD1B1A65D0E453D3851 /* Pods_Hi_SwiftUI.framework */ = {isa = PBXFileReference; explicitFileType = wrapper.framework; includeInIndex = 0; path = Pods_Hi_SwiftUI.framework; sourceTree = BUILT_PRODUCTS_DIR; };
		19D3FB59FEC51CCD80C78FC4 /* Pods-Hi-SwiftUI.debug.xcconfig */ = {isa = PBXFileReference; includeInIndex = 1; lastKnownFileType = text.xcconfig; name = "Pods-Hi-SwiftUI.debug.xcconfig"; path = "Target Support Files/Pods-Hi-SwiftUI/Pods-Hi-SwiftUI.debug.xcconfig"; sourceTree = "<group>"; };
		20A25A8769588E211262E118 /* Pods-Hi-SwiftUI.release.xcconfig */ = {isa = PBXFileReference; includeInIndex = 1; lastKnownFileType = text.xcconfig; name = "Pods-Hi-SwiftUI.release.xcconfig"; path = "Target Support Files/Pods-Hi-SwiftUI/Pods-Hi-SwiftUI.release.xcconfig"; sourceTree = "<group>"; };
		8E09DD722DB9DE19007B304D /* HomeView.swift */ = {isa = PBXFileReference; lastKnownFileType = sourcecode.swift; path = HomeView.swift; sourceTree = "<group>"; };
		8E09DD742DB9E3CB007B304D /* HiPageHelper.swift */ = {isa = PBXFileReference; lastKnownFileType = sourcecode.swift; path = HiPageHelper.swift; sourceTree = "<group>"; };
		8E09DD772DB9E401007B304D /* HiHudToast.swift */ = {isa = PBXFileReference; lastKnownFileType = sourcecode.swift; path = HiHudToast.swift; sourceTree = "<group>"; };
		8E09DD782DB9E401007B304D /* HiToast.swift */ = {isa = PBXFileReference; lastKnownFileType = sourcecode.swift; path = HiToast.swift; sourceTree = "<group>"; };
		8E09DD7C2DBA1F68007B304D /* HiTopListRespModel.swift */ = {isa = PBXFileReference; lastKnownFileType = sourcecode.swift; path = HiTopListRespModel.swift; sourceTree = "<group>"; };
		8E09DD7F2DBB26A9007B304D /* HiDashedLine.swift */ = {isa = PBXFileReference; lastKnownFileType = sourcecode.swift; path = HiDashedLine.swift; sourceTree = "<group>"; };
		8E09DD8B2DBB3371007B304D /* HiUnitCfgHandyJSON.swift */ = {isa = PBXFileReference; lastKnownFileType = sourcecode.swift; path = HiUnitCfgHandyJSON.swift; sourceTree = "<group>"; };
		8E09DD8D2DBB3400007B304D /* HiUnitCfgKakaJSON.swift */ = {isa = PBXFileReference; lastKnownFileType = sourcecode.swift; path = HiUnitCfgKakaJSON.swift; sourceTree = "<group>"; };
		8E09DD8E2DBB3400007B304D /* HiUnitCfgObjectMapper.swift */ = {isa = PBXFileReference; lastKnownFileType = sourcecode.swift; path = HiUnitCfgObjectMapper.swift; sourceTree = "<group>"; };
		8E09DD8F2DBB3400007B304D /* HiUnitCfgSwiftyJSON.swift */ = {isa = PBXFileReference; lastKnownFileType = sourcecode.swift; path = HiUnitCfgSwiftyJSON.swift; sourceTree = "<group>"; };
		8E09DD902DBB3400007B304D /* HiUnitCfgYYModel.swift */ = {isa = PBXFileReference; lastKnownFileType = sourcecode.swift; path = HiUnitCfgYYModel.swift; sourceTree = "<group>"; };
		8E09DD952DBB590F007B304D /* HiRequest.swift */ = {isa = PBXFileReference; lastKnownFileType = sourcecode.swift; path = HiRequest.swift; sourceTree = "<group>"; };
		8E09DDA82DBB7792007B304D /* HiNavigatorView.swift */ = {isa = PBXFileReference; lastKnownFileType = sourcecode.swift; path = HiNavigatorView.swift; sourceTree = "<group>"; };
		8E0A097B2D880DD100044ADD /* HiJsonLoadHelper.swift */ = {isa = PBXFileReference; fileEncoding = 4; lastKnownFileType = sourcecode.swift; path = HiJsonLoadHelper.swift; sourceTree = "<group>"; };
		8E0A097C2D880DD100044ADD /* HiJsonStrHelper.swift */ = {isa = PBXFileReference; fileEncoding = 4; lastKnownFileType = sourcecode.swift; path = HiJsonStrHelper.swift; sourceTree = "<group>"; };
		8E0DAE9E2DBDD1C500061D52 /* HiSiteHandyJSON.swift */ = {isa = PBXFileReference; lastKnownFileType = sourcecode.swift; path = HiSiteHandyJSON.swift; sourceTree = "<group>"; };
		8E0DAE9F2DBDD1C500061D52 /* HiSiteKakaJSON.swift */ = {isa = PBXFileReference; lastKnownFileType = sourcecode.swift; path = HiSiteKakaJSON.swift; sourceTree = "<group>"; };
		8E0DAEA02DBDD1C500061D52 /* HiSiteObjectMapper.swift */ = {isa = PBXFileReference; lastKnownFileType = sourcecode.swift; path = HiSiteObjectMapper.swift; sourceTree = "<group>"; };
		8E0DAEA12DBDD1C500061D52 /* HiSiteSwiftyJSON.swift */ = {isa = PBXFileReference; lastKnownFileType = sourcecode.swift; path = HiSiteSwiftyJSON.swift; sourceTree = "<group>"; };
		8E0DAEA22DBDD1C500061D52 /* HiSiteYYModel.swift */ = {isa = PBXFileReference; lastKnownFileType = sourcecode.swift; path = HiSiteYYModel.swift; sourceTree = "<group>"; };
		8E0DAEA82DBDFBE900061D52 /* SiteView.swift */ = {isa = PBXFileReference; lastKnownFileType = sourcecode.swift; path = SiteView.swift; sourceTree = "<group>"; };
		8E3887E92D969B5E00627AAE /* HealthCodeView.swift */ = {isa = PBXFileReference; lastKnownFileType = sourcecode.swift; path = HealthCodeView.swift; sourceTree = "<group>"; };
		8E447BEB2BBD52DE009B0FBF /* Hi-SwiftUI.app */ = {isa = PBXFileReference; explicitFileType = wrapper.application; includeInIndex = 0; path = "Hi-SwiftUI.app"; sourceTree = BUILT_PRODUCTS_DIR; };
		8E447BEE2BBD52DE009B0FBF /* Hi_SwiftUIApp.swift */ = {isa = PBXFileReference; lastKnownFileType = sourcecode.swift; path = Hi_SwiftUIApp.swift; sourceTree = "<group>"; };
		8E447BF02BBD52DE009B0FBF /* ContentView.swift */ = {isa = PBXFileReference; lastKnownFileType = sourcecode.swift; path = ContentView.swift; sourceTree = "<group>"; };
		8E447BF22BBD52DF009B0FBF /* Assets.xcassets */ = {isa = PBXFileReference; lastKnownFileType = folder.assetcatalog; path = Assets.xcassets; sourceTree = "<group>"; };
		8E447BF52BBD52DF009B0FBF /* Preview Assets.xcassets */ = {isa = PBXFileReference; lastKnownFileType = folder.assetcatalog; path = "Preview Assets.xcassets"; sourceTree = "<group>"; };
		8E447BFB2BBD52DF009B0FBF /* Hi-SwiftUITests.xctest */ = {isa = PBXFileReference; explicitFileType = wrapper.cfbundle; includeInIndex = 0; path = "Hi-SwiftUITests.xctest"; sourceTree = BUILT_PRODUCTS_DIR; };
		8E447BFF2BBD52DF009B0FBF /* Hi_SwiftUITests.swift */ = {isa = PBXFileReference; lastKnownFileType = sourcecode.swift; path = Hi_SwiftUITests.swift; sourceTree = "<group>"; };
		8E447C052BBD52DF009B0FBF /* Hi-SwiftUIUITests.xctest */ = {isa = PBXFileReference; explicitFileType = wrapper.cfbundle; includeInIndex = 0; path = "Hi-SwiftUIUITests.xctest"; sourceTree = BUILT_PRODUCTS_DIR; };
		8E447C092BBD52DF009B0FBF /* Hi_SwiftUIUITests.swift */ = {isa = PBXFileReference; lastKnownFileType = sourcecode.swift; path = Hi_SwiftUIUITests.swift; sourceTree = "<group>"; };
		8E447C0B2BBD52DF009B0FBF /* Hi_SwiftUIUITestsLaunchTests.swift */ = {isa = PBXFileReference; lastKnownFileType = sourcecode.swift; path = Hi_SwiftUIUITestsLaunchTests.swift; sourceTree = "<group>"; };
		8E741B862DA6751400DC90BE /* CarouselView.swift */ = {isa = PBXFileReference; lastKnownFileType = sourcecode.swift; path = CarouselView.swift; sourceTree = "<group>"; };
		8E741B882DA7A07800DC90BE /* String.swift */ = {isa = PBXFileReference; lastKnownFileType = sourcecode.swift; path = String.swift; sourceTree = "<group>"; };
		8E778D312D8D367500F18D1D /* Colors.swift */ = {isa = PBXFileReference; lastKnownFileType = sourcecode.swift; path = Colors.swift; sourceTree = "<group>"; };
		8E778D342D8D46CB00F18D1D /* Const.swift */ = {isa = PBXFileReference; lastKnownFileType = sourcecode.swift; path = Const.swift; sourceTree = "<group>"; };
		8E778D362D8D5CD100F18D1D /* HiListAppModuleRespModel.swift */ = {isa = PBXFileReference; fileEncoding = 4; lastKnownFileType = sourcecode.swift; path = HiListAppModuleRespModel.swift; sourceTree = "<group>"; };
		8E7DC9CA2D8C0FFB00C03891 /* ElecCertView.swift */ = {isa = PBXFileReference; lastKnownFileType = sourcecode.swift; path = ElecCertView.swift; sourceTree = "<group>"; };
		8E84EE032D91022600BD90E7 /* PopUpView.swift */ = {isa = PBXFileReference; lastKnownFileType = sourcecode.swift; path = PopUpView.swift; sourceTree = "<group>"; };
		8EC1C12B2D891C20000EB8B4 /* NSObject+YYModel.h */ = {isa = PBXFileReference; fileEncoding = 4; lastKnownFileType = sourcecode.c.h; path = "NSObject+YYModel.h"; sourceTree = "<group>"; };
		8EC1C12C2D891C20000EB8B4 /* NSObject+YYModel.m */ = {isa = PBXFileReference; fileEncoding = 4; lastKnownFileType = sourcecode.c.objc; path = "NSObject+YYModel.m"; sourceTree = "<group>"; };
		8EC1C12D2D891C20000EB8B4 /* YYClassInfo.h */ = {isa = PBXFileReference; fileEncoding = 4; lastKnownFileType = sourcecode.c.h; path = YYClassInfo.h; sourceTree = "<group>"; };
		8EC1C12E2D891C20000EB8B4 /* YYClassInfo.m */ = {isa = PBXFileReference; fileEncoding = 4; lastKnownFileType = sourcecode.c.objc; path = YYClassInfo.m; sourceTree = "<group>"; };
		8EC1C12F2D891C20000EB8B4 /* YYModel.h */ = {isa = PBXFileReference; fileEncoding = 4; lastKnownFileType = sourcecode.c.h; path = YYModel.h; sourceTree = "<group>"; };
		8EC1C1332D891C56000EB8B4 /* Hi-SwiftUI-Bridging-Header.h */ = {isa = PBXFileReference; lastKnownFileType = sourcecode.c.h; path = "Hi-SwiftUI-Bridging-Header.h"; sourceTree = "<group>"; };
		8EC1C13A2D894F4D000EB8B4 /* MockView.swift */ = {isa = PBXFileReference; lastKnownFileType = sourcecode.swift; path = MockView.swift; sourceTree = "<group>"; };
		8ECA6FC42D84039900EBA4D3 /* SendRequestView.swift */ = {isa = PBXFileReference; lastKnownFileType = sourcecode.swift; path = SendRequestView.swift; sourceTree = "<group>"; };
		8ECA6FCA2D840E1F00EBA4D3 /* HiAPI.swift */ = {isa = PBXFileReference; lastKnownFileType = sourcecode.swift; path = HiAPI.swift; sourceTree = "<group>"; };
		8ECA6FCB2D840E1F00EBA4D3 /* HiApiConfig.swift */ = {isa = PBXFileReference; lastKnownFileType = sourcecode.swift; path = HiApiConfig.swift; sourceTree = "<group>"; };
		8ECA6FCC2D840E1F00EBA4D3 /* HiApiConfigPlugin.swift */ = {isa = PBXFileReference; lastKnownFileType = sourcecode.swift; path = HiApiConfigPlugin.swift; sourceTree = "<group>"; };
		8ECA6FCD2D840E1F00EBA4D3 /* HiAPIConst.swift */ = {isa = PBXFileReference; lastKnownFileType = sourcecode.swift; path = HiAPIConst.swift; sourceTree = "<group>"; };
		8ECA6FE32D8426B300EBA4D3 /* HiUnitCfgRespModel.swift */ = {isa = PBXFileReference; lastKnownFileType = sourcecode.swift; path = HiUnitCfgRespModel.swift; sourceTree = "<group>"; };
/* End PBXFileReference section */

/* Begin PBXFrameworksBuildPhase section */
		8E447BE82BBD52DE009B0FBF /* Frameworks */ = {
			isa = PBXFrameworksBuildPhase;
			buildActionMask = 2147483647;
			files = (
				8E09DD862DBB2FA7007B304D /* ObjectMapper in Frameworks */,
				8ECA6FDB2D8416F400EBA4D3 /* SwiftyJSON in Frameworks */,
				8EF1E2482D81356C0043DDD9 /* RxMoya in Frameworks */,
				8E09DD832DBB2F7D007B304D /* Kingfisher in Frameworks */,
				8ECA6FDE2D84178200EBA4D3 /* MBProgressHUD in Frameworks */,
				8ECA6FE12D84263F00EBA4D3 /* HandyJSON in Frameworks */,
				8E09DD892DBB2FC7007B304D /* KakaJSON in Frameworks */,
				8EF1E2462D81356C0043DDD9 /* Moya in Frameworks */,
				AE9D1EB06DADEE6BC177475E /* Pods_Hi_SwiftUI.framework in Frameworks */,
			);
			runOnlyForDeploymentPostprocessing = 0;
		};
		8E447BF82BBD52DF009B0FBF /* Frameworks */ = {
			isa = PBXFrameworksBuildPhase;
			buildActionMask = 2147483647;
			files = (
			);
			runOnlyForDeploymentPostprocessing = 0;
		};
		8E447C022BBD52DF009B0FBF /* Frameworks */ = {
			isa = PBXFrameworksBuildPhase;
			buildActionMask = 2147483647;
			files = (
			);
			runOnlyForDeploymentPostprocessing = 0;
		};
/* End PBXFrameworksBuildPhase section */

/* Begin PBXGroup section */
		154CE15ACE2515F640434397 /* Frameworks */ = {
			isa = PBXGroup;
			children = (
				137C2BD1B1A65D0E453D3851 /* Pods_Hi_SwiftUI.framework */,
			);
			name = Frameworks;
			sourceTree = "<group>";
		};
		8DEDAB9E6637DD2B54B41F8B /* Pods */ = {
			isa = PBXGroup;
			children = (
				19D3FB59FEC51CCD80C78FC4 /* Pods-Hi-SwiftUI.debug.xcconfig */,
				20A25A8769588E211262E118 /* Pods-Hi-SwiftUI.release.xcconfig */,
			);
			path = Pods;
			sourceTree = "<group>";
		};
		8E09DD752DB9E3CB007B304D /* HiPage */ = {
			isa = PBXGroup;
			children = (
				8E09DD742DB9E3CB007B304D /* HiPageHelper.swift */,
			);
			path = HiPage;
			sourceTree = "<group>";
		};
		8E09DD792DB9E401007B304D /* HiToast */ = {
			isa = PBXGroup;
			children = (
				8E09DD772DB9E401007B304D /* HiHudToast.swift */,
				8E09DD782DB9E401007B304D /* HiToast.swift */,
			);
			path = HiToast;
			sourceTree = "<group>";
		};
		8E09DD7E2DBB269A007B304D /* View */ = {
			isa = PBXGroup;
			children = (
				8E09DD7F2DBB26A9007B304D /* HiDashedLine.swift */,
			);
			path = View;
			sourceTree = "<group>";
		};
		8E09DD8A2DBB3251007B304D /* Jsons */ = {
			isa = PBXGroup;
			children = (
				8E09DD8D2DBB3400007B304D /* HiUnitCfgKakaJSON.swift */,
				8E09DD8E2DBB3400007B304D /* HiUnitCfgObjectMapper.swift */,
				8E09DD8F2DBB3400007B304D /* HiUnitCfgSwiftyJSON.swift */,
				8E09DD902DBB3400007B304D /* HiUnitCfgYYModel.swift */,
				8E09DD8B2DBB3371007B304D /* HiUnitCfgHandyJSON.swift */,
			);
			path = Jsons;
			sourceTree = "<group>";
		};
		8E0A097A2D880DA900044ADD /* Helpers */ = {
			isa = PBXGroup;
			children = (
				8E09DD792DB9E401007B304D /* HiToast */,
				8E09DD752DB9E3CB007B304D /* HiPage */,
				8E0A097D2D880DD100044ADD /* HiJson */,
			);
			path = Helpers;
			sourceTree = "<group>";
		};
		8E0A097D2D880DD100044ADD /* HiJson */ = {
			isa = PBXGroup;
			children = (
				8E0A097B2D880DD100044ADD /* HiJsonLoadHelper.swift */,
				8E0A097C2D880DD100044ADD /* HiJsonStrHelper.swift */,
			);
			path = HiJson;
			sourceTree = "<group>";
		};
		8E0DAE9D2DBDD12B00061D52 /* Sites */ = {
			isa = PBXGroup;
			children = (
				8E0DAE9E2DBDD1C500061D52 /* HiSiteHandyJSON.swift */,
				8E0DAE9F2DBDD1C500061D52 /* HiSiteKakaJSON.swift */,
				8E0DAEA02DBDD1C500061D52 /* HiSiteObjectMapper.swift */,
				8E0DAEA12DBDD1C500061D52 /* HiSiteSwiftyJSON.swift */,
				8E0DAEA22DBDD1C500061D52 /* HiSiteYYModel.swift */,
			);
			path = Sites;
			sourceTree = "<group>";
		};
		8E3887E82D969B2E00627AAE /* HealthCode */ = {
			isa = PBXGroup;
			children = (
				8E741B862DA6751400DC90BE /* CarouselView.swift */,
				8E3887E92D969B5E00627AAE /* HealthCodeView.swift */,
			);
			path = HealthCode;
			sourceTree = "<group>";
		};
		8E447BE22BBD52DE009B0FBF = {
			isa = PBXGroup;
			children = (
				8E447BED2BBD52DE009B0FBF /* Hi-SwiftUI */,
				8E447BFE2BBD52DF009B0FBF /* Hi-SwiftUITests */,
				8E447C082BBD52DF009B0FBF /* Hi-SwiftUIUITests */,
				8E447BEC2BBD52DE009B0FBF /* Products */,
				154CE15ACE2515F640434397 /* Frameworks */,
				8DEDAB9E6637DD2B54B41F8B /* Pods */,
			);
			sourceTree = "<group>";
		};
		8E447BEC2BBD52DE009B0FBF /* Products */ = {
			isa = PBXGroup;
			children = (
				8E447BEB2BBD52DE009B0FBF /* Hi-SwiftUI.app */,
				8E447BFB2BBD52DF009B0FBF /* Hi-SwiftUITests.xctest */,
				8E447C052BBD52DF009B0FBF /* Hi-SwiftUIUITests.xctest */,
			);
			name = Products;
			sourceTree = "<group>";
		};
		8E447BED2BBD52DE009B0FBF /* Hi-SwiftUI */ = {
			isa = PBXGroup;
			children = (
				8E0A097A2D880DA900044ADD /* Helpers */,
				8ECA6FC62D840DE100EBA4D3 /* Base */,
				8ECA6FD52D840E3200EBA4D3 /* Logic */,
				8E447BEE2BBD52DE009B0FBF /* Hi_SwiftUIApp.swift */,
				8E447BF22BBD52DF009B0FBF /* Assets.xcassets */,
				8E447BF42BBD52DF009B0FBF /* Preview Content */,
			);
			path = "Hi-SwiftUI";
			sourceTree = "<group>";
		};
		8E447BF42BBD52DF009B0FBF /* Preview Content */ = {
			isa = PBXGroup;
			children = (
				8E447BF52BBD52DF009B0FBF /* Preview Assets.xcassets */,
			);
			path = "Preview Content";
			sourceTree = "<group>";
		};
		8E447BFE2BBD52DF009B0FBF /* Hi-SwiftUITests */ = {
			isa = PBXGroup;
			children = (
				8E447BFF2BBD52DF009B0FBF /* Hi_SwiftUITests.swift */,
			);
			path = "Hi-SwiftUITests";
			sourceTree = "<group>";
		};
		8E447C082BBD52DF009B0FBF /* Hi-SwiftUIUITests */ = {
			isa = PBXGroup;
			children = (
				8E447C092BBD52DF009B0FBF /* Hi_SwiftUIUITests.swift */,
				8E447C0B2BBD52DF009B0FBF /* Hi_SwiftUIUITestsLaunchTests.swift */,
			);
			path = "Hi-SwiftUIUITests";
			sourceTree = "<group>";
		};
		8E778D302D8D365C00F18D1D /* Extensions */ = {
			isa = PBXGroup;
			children = (
				8E741B882DA7A07800DC90BE /* String.swift */,
				8E778D312D8D367500F18D1D /* Colors.swift */,
			);
			path = Extensions;
			sourceTree = "<group>";
		};
		8E778D332D8D46BE00F18D1D /* Const */ = {
			isa = PBXGroup;
			children = (
				8E778D342D8D46CB00F18D1D /* Const.swift */,
			);
			path = Const;
			sourceTree = "<group>";
		};
		8EC1C12A2D891C02000EB8B4 /* OC */ = {
			isa = PBXGroup;
			children = (
				8EC1C1302D891C20000EB8B4 /* YYModel */,
				8EC1C1332D891C56000EB8B4 /* Hi-SwiftUI-Bridging-Header.h */,
			);
			path = OC;
			sourceTree = "<group>";
		};
		8EC1C1302D891C20000EB8B4 /* YYModel */ = {
			isa = PBXGroup;
			children = (
				8EC1C12B2D891C20000EB8B4 /* NSObject+YYModel.h */,
				8EC1C12C2D891C20000EB8B4 /* NSObject+YYModel.m */,
				8EC1C12D2D891C20000EB8B4 /* YYClassInfo.h */,
				8EC1C12E2D891C20000EB8B4 /* YYClassInfo.m */,
				8EC1C12F2D891C20000EB8B4 /* YYModel.h */,
			);
			path = YYModel;
			sourceTree = "<group>";
		};
		8ECA6FC62D840DE100EBA4D3 /* Base */ = {
			isa = PBXGroup;
			children = (
				8E09DD7E2DBB269A007B304D /* View */,
				8E778D332D8D46BE00F18D1D /* Const */,
				8E778D302D8D365C00F18D1D /* Extensions */,
				8EC1C12A2D891C02000EB8B4 /* OC */,
				8ECA6FE22D8426AA00EBA4D3 /* Model */,
				8ECA6FCF2D840E1F00EBA4D3 /* Request */,
			);
			path = Base;
			sourceTree = "<group>";
		};
		8ECA6FCE2D840E1F00EBA4D3 /* Moya */ = {
			isa = PBXGroup;
			children = (
				8ECA6FCA2D840E1F00EBA4D3 /* HiAPI.swift */,
				8ECA6FCB2D840E1F00EBA4D3 /* HiApiConfig.swift */,
				8ECA6FCC2D840E1F00EBA4D3 /* HiApiConfigPlugin.swift */,
				8ECA6FCD2D840E1F00EBA4D3 /* HiAPIConst.swift */,
			);
			path = Moya;
			sourceTree = "<group>";
		};
		8ECA6FCF2D840E1F00EBA4D3 /* Request */ = {
			isa = PBXGroup;
			children = (
				8E09DD952DBB590F007B304D /* HiRequest.swift */,
				8ECA6FCE2D840E1F00EBA4D3 /* Moya */,
			);
			path = Request;
			sourceTree = "<group>";
		};
		8ECA6FD52D840E3200EBA4D3 /* Logic */ = {
			isa = PBXGroup;
			children = (
				8E09DDA82DBB7792007B304D /* HiNavigatorView.swift */,
				8E3887E82D969B2E00627AAE /* HealthCode */,
				8ECA6FC42D84039900EBA4D3 /* SendRequestView.swift */,
				8E447BF02BBD52DE009B0FBF /* ContentView.swift */,
				8EC1C13A2D894F4D000EB8B4 /* MockView.swift */,
				8E7DC9CA2D8C0FFB00C03891 /* ElecCertView.swift */,
				8E84EE032D91022600BD90E7 /* PopUpView.swift */,
				8E09DD722DB9DE19007B304D /* HomeView.swift */,
				8E0DAEA82DBDFBE900061D52 /* SiteView.swift */,
			);
			path = Logic;
			sourceTree = "<group>";
		};
		8ECA6FE22D8426AA00EBA4D3 /* Model */ = {
			isa = PBXGroup;
			children = (
				8E0DAE9D2DBDD12B00061D52 /* Sites */,
				8E09DD8A2DBB3251007B304D /* Jsons */,
				8E778D362D8D5CD100F18D1D /* HiListAppModuleRespModel.swift */,
				8ECA6FE32D8426B300EBA4D3 /* HiUnitCfgRespModel.swift */,
				8E09DD7C2DBA1F68007B304D /* HiTopListRespModel.swift */,
			);
			path = Model;
			sourceTree = "<group>";
		};
/* End PBXGroup section */

/* Begin PBXNativeTarget section */
		8E447BEA2BBD52DE009B0FBF /* Hi-SwiftUI */ = {
			isa = PBXNativeTarget;
			buildConfigurationList = 8E447C0F2BBD52DF009B0FBF /* Build configuration list for PBXNativeTarget "Hi-SwiftUI" */;
			buildPhases = (
				198B30BB3C4F06CD58A0B612 /* [CP] Check Pods Manifest.lock */,
				8E447BE72BBD52DE009B0FBF /* Sources */,
				8E447BE82BBD52DE009B0FBF /* Frameworks */,
				8E447BE92BBD52DE009B0FBF /* Resources */,
			);
			buildRules = (
			);
			dependencies = (
			);
			name = "Hi-SwiftUI";
			productName = "Hi-SwiftUI";
			productReference = 8E447BEB2BBD52DE009B0FBF /* Hi-SwiftUI.app */;
			productType = "com.apple.product-type.application";
		};
		8E447BFA2BBD52DF009B0FBF /* Hi-SwiftUITests */ = {
			isa = PBXNativeTarget;
			buildConfigurationList = 8E447C122BBD52DF009B0FBF /* Build configuration list for PBXNativeTarget "Hi-SwiftUITests" */;
			buildPhases = (
				8E447BF72BBD52DF009B0FBF /* Sources */,
				8E447BF82BBD52DF009B0FBF /* Frameworks */,
				8E447BF92BBD52DF009B0FBF /* Resources */,
			);
			buildRules = (
			);
			dependencies = (
				8E447BFD2BBD52DF009B0FBF /* PBXTargetDependency */,
			);
			name = "Hi-SwiftUITests";
			productName = "Hi-SwiftUITests";
			productReference = 8E447BFB2BBD52DF009B0FBF /* Hi-SwiftUITests.xctest */;
			productType = "com.apple.product-type.bundle.unit-test";
		};
		8E447C042BBD52DF009B0FBF /* Hi-SwiftUIUITests */ = {
			isa = PBXNativeTarget;
			buildConfigurationList = 8E447C152BBD52DF009B0FBF /* Build configuration list for PBXNativeTarget "Hi-SwiftUIUITests" */;
			buildPhases = (
				8E447C012BBD52DF009B0FBF /* Sources */,
				8E447C022BBD52DF009B0FBF /* Frameworks */,
				8E447C032BBD52DF009B0FBF /* Resources */,
			);
			buildRules = (
			);
			dependencies = (
				8E447C072BBD52DF009B0FBF /* PBXTargetDependency */,
			);
			name = "Hi-SwiftUIUITests";
			productName = "Hi-SwiftUIUITests";
			productReference = 8E447C052BBD52DF009B0FBF /* Hi-SwiftUIUITests.xctest */;
			productType = "com.apple.product-type.bundle.ui-testing";
		};
/* End PBXNativeTarget section */

/* Begin PBXProject section */
		8E447BE32BBD52DE009B0FBF /* Project object */ = {
			isa = PBXProject;
			attributes = {
				BuildIndependentTargetsInParallel = 1;
				LastSwiftUpdateCheck = 1500;
				LastUpgradeCheck = 1500;
				TargetAttributes = {
					8E447BEA2BBD52DE009B0FBF = {
						CreatedOnToolsVersion = 15.0;
					};
					8E447BFA2BBD52DF009B0FBF = {
						CreatedOnToolsVersion = 15.0;
						TestTargetID = 8E447BEA2BBD52DE009B0FBF;
					};
					8E447C042BBD52DF009B0FBF = {
						CreatedOnToolsVersion = 15.0;
						TestTargetID = 8E447BEA2BBD52DE009B0FBF;
					};
				};
			};
			buildConfigurationList = 8E447BE62BBD52DE009B0FBF /* Build configuration list for PBXProject "Hi-SwiftUI" */;
			compatibilityVersion = "Xcode 14.0";
			developmentRegion = en;
			hasScannedForEncodings = 0;
			knownRegions = (
				en,
				Base,
			);
			mainGroup = 8E447BE22BBD52DE009B0FBF;
			packageReferences = (
				8EF1E2442D81356C0043DDD9 /* XCRemoteSwiftPackageReference "Moya" */,
				8ECA6FD92D8416F400EBA4D3 /* XCRemoteSwiftPackageReference "SwiftyJSON" */,
				8ECA6FDC2D84178200EBA4D3 /* XCRemoteSwiftPackageReference "MBProgressHUD" */,
				8ECA6FDF2D84263F00EBA4D3 /* XCRemoteSwiftPackageReference "HandyJSON" */,
				8E09DD812DBB2F7D007B304D /* XCRemoteSwiftPackageReference "Kingfisher" */,
				8E09DD842DBB2FA7007B304D /* XCRemoteSwiftPackageReference "ObjectMapper" */,
				8E09DD872DBB2FC7007B304D /* XCRemoteSwiftPackageReference "KakaJSON" */,
			);
			productRefGroup = 8E447BEC2BBD52DE009B0FBF /* Products */;
			projectDirPath = "";
			projectRoot = "";
			targets = (
				8E447BEA2BBD52DE009B0FBF /* Hi-SwiftUI */,
				8E447BFA2BBD52DF009B0FBF /* Hi-SwiftUITests */,
				8E447C042BBD52DF009B0FBF /* Hi-SwiftUIUITests */,
			);
		};
/* End PBXProject section */

/* Begin PBXResourcesBuildPhase section */
		8E447BE92BBD52DE009B0FBF /* Resources */ = {
			isa = PBXResourcesBuildPhase;
			buildActionMask = 2147483647;
			files = (
				8E447BF62BBD52DF009B0FBF /* Preview Assets.xcassets in Resources */,
				8E447BF32BBD52DF009B0FBF /* Assets.xcassets in Resources */,
			);
			runOnlyForDeploymentPostprocessing = 0;
		};
		8E447BF92BBD52DF009B0FBF /* Resources */ = {
			isa = PBXResourcesBuildPhase;
			buildActionMask = 2147483647;
			files = (
			);
			runOnlyForDeploymentPostprocessing = 0;
		};
		8E447C032BBD52DF009B0FBF /* Resources */ = {
			isa = PBXResourcesBuildPhase;
			buildActionMask = 2147483647;
			files = (
			);
			runOnlyForDeploymentPostprocessing = 0;
		};
/* End PBXResourcesBuildPhase section */

/* Begin PBXShellScriptBuildPhase section */
		198B30BB3C4F06CD58A0B612 /* [CP] Check Pods Manifest.lock */ = {
			isa = PBXShellScriptBuildPhase;
			buildActionMask = 2147483647;
			files = (
			);
			inputFileListPaths = (
			);
			inputPaths = (
				"${PODS_PODFILE_DIR_PATH}/Podfile.lock",
				"${PODS_ROOT}/Manifest.lock",
			);
			name = "[CP] Check Pods Manifest.lock";
			outputFileListPaths = (
			);
			outputPaths = (
				"$(DERIVED_FILE_DIR)/Pods-Hi-SwiftUI-checkManifestLockResult.txt",
			);
			runOnlyForDeploymentPostprocessing = 0;
			shellPath = /bin/sh;
			shellScript = "diff \"${PODS_PODFILE_DIR_PATH}/Podfile.lock\" \"${PODS_ROOT}/Manifest.lock\" > /dev/null\nif [ $? != 0 ] ; then\n    # print error to STDERR\n    echo \"error: The sandbox is not in sync with the Podfile.lock. Run 'pod install' or update your CocoaPods installation.\" >&2\n    exit 1\nfi\n# This output is used by Xcode 'outputs' to avoid re-running this script phase.\necho \"SUCCESS\" > \"${SCRIPT_OUTPUT_FILE_0}\"\n";
			showEnvVarsInLog = 0;
		};
/* End PBXShellScriptBuildPhase section */

/* Begin PBXSourcesBuildPhase section */
		8E447BE72BBD52DE009B0FBF /* Sources */ = {
			isa = PBXSourcesBuildPhase;
			buildActionMask = 2147483647;
			files = (
				8E09DD912DBB3400007B304D /* HiUnitCfgKakaJSON.swift in Sources */,
				8E09DD922DBB3400007B304D /* HiUnitCfgSwiftyJSON.swift in Sources */,
				8E09DD932DBB3400007B304D /* HiUnitCfgObjectMapper.swift in Sources */,
				8E09DD942DBB3400007B304D /* HiUnitCfgYYModel.swift in Sources */,
				8E447BF12BBD52DE009B0FBF /* ContentView.swift in Sources */,
				8EC1C1342D891C56000EB8B4 /* Hi-SwiftUI-Bridging-Header.h in Sources */,
				8EC1C13B2D894F4D000EB8B4 /* MockView.swift in Sources */,
				8ECA6FC52D8403A600EBA4D3 /* SendRequestView.swift in Sources */,
				8E09DD962DBB5910007B304D /* HiRequest.swift in Sources */,
				8E09DD732DB9DE19007B304D /* HomeView.swift in Sources */,
				8E0A097E2D880DD100044ADD /* HiJsonLoadHelper.swift in Sources */,
				8EC1C1312D891C20000EB8B4 /* NSObject+YYModel.m in Sources */,
				8E778D352D8D46CB00F18D1D /* Const.swift in Sources */,
				8E09DD7A2DB9E401007B304D /* HiHudToast.swift in Sources */,
				8E09DD7B2DB9E401007B304D /* HiToast.swift in Sources */,
				8ECA6FE42D8426B300EBA4D3 /* HiUnitCfgRespModel.swift in Sources */,
				8E09DD802DBB26B2007B304D /* HiDashedLine.swift in Sources */,
				8E778D372D8D5CD100F18D1D /* HiListAppModuleRespModel.swift in Sources */,
				8E741B872DA6751600DC90BE /* CarouselView.swift in Sources */,
				8E3887EA2D969B5E00627AAE /* HealthCodeView.swift in Sources */,
				8E09DD8C2DBB3371007B304D /* HiUnitCfgHandyJSON.swift in Sources */,
				8ECA6FD12D840E1F00EBA4D3 /* HiApiConfig.swift in Sources */,
				8E741B892DA7A07D00DC90BE /* String.swift in Sources */,
				8E0DAEA92DBDFBE900061D52 /* SiteView.swift in Sources */,
				8E7DC9CB2D8C0FFB00C03891 /* ElecCertView.swift in Sources */,
				8E84EE042D91022600BD90E7 /* PopUpView.swift in Sources */,
				8E778D322D8D367500F18D1D /* Colors.swift in Sources */,
				8ECA6FD22D840E1F00EBA4D3 /* HiApiConfigPlugin.swift in Sources */,
				8E09DD7D2DBA1F68007B304D /* HiTopListRespModel.swift in Sources */,
				8ECA6FD32D840E1F00EBA4D3 /* HiAPIConst.swift in Sources */,
				8E09DD762DB9E3CB007B304D /* HiPageHelper.swift in Sources */,
				8E0DAEA32DBDD1C500061D52 /* HiSiteKakaJSON.swift in Sources */,
				8E0DAEA42DBDD1C500061D52 /* HiSiteSwiftyJSON.swift in Sources */,
				8E0DAEA52DBDD1C500061D52 /* HiSiteObjectMapper.swift in Sources */,
				8E0DAEA62DBDD1C500061D52 /* HiSiteYYModel.swift in Sources */,
				8E0DAEA72DBDD1C500061D52 /* HiSiteHandyJSON.swift in Sources */,
				8E09DDA92DBB779F007B304D /* HiNavigatorView.swift in Sources */,
				8EC1C1322D891C20000EB8B4 /* YYClassInfo.m in Sources */,
				8ECA6FD42D840E1F00EBA4D3 /* HiAPI.swift in Sources */,
				8E0A097F2D880DD100044ADD /* HiJsonStrHelper.swift in Sources */,
				8E447BEF2BBD52DE009B0FBF /* Hi_SwiftUIApp.swift in Sources */,
			);
			runOnlyForDeploymentPostprocessing = 0;
		};
		8E447BF72BBD52DF009B0FBF /* Sources */ = {
			isa = PBXSourcesBuildPhase;
			buildActionMask = 2147483647;
			files = (
				8E447C002BBD52DF009B0FBF /* Hi_SwiftUITests.swift in Sources */,
			);
			runOnlyForDeploymentPostprocessing = 0;
		};
		8E447C012BBD52DF009B0FBF /* Sources */ = {
			isa = PBXSourcesBuildPhase;
			buildActionMask = 2147483647;
			files = (
				8E447C0A2BBD52DF009B0FBF /* Hi_SwiftUIUITests.swift in Sources */,
				8E447C0C2BBD52DF009B0FBF /* Hi_SwiftUIUITestsLaunchTests.swift in Sources */,
			);
			runOnlyForDeploymentPostprocessing = 0;
		};
/* End PBXSourcesBuildPhase section */

/* Begin PBXTargetDependency section */
		8E447BFD2BBD52DF009B0FBF /* PBXTargetDependency */ = {
			isa = PBXTargetDependency;
			target = 8E447BEA2BBD52DE009B0FBF /* Hi-SwiftUI */;
			targetProxy = 8E447BFC2BBD52DF009B0FBF /* PBXContainerItemProxy */;
		};
		8E447C072BBD52DF009B0FBF /* PBXTargetDependency */ = {
			isa = PBXTargetDependency;
			target = 8E447BEA2BBD52DE009B0FBF /* Hi-SwiftUI */;
			targetProxy = 8E447C062BBD52DF009B0FBF /* PBXContainerItemProxy */;
		};
/* End PBXTargetDependency section */

/* Begin XCBuildConfiguration section */
		8E447C0D2BBD52DF009B0FBF /* Debug */ = {
			isa = XCBuildConfiguration;
			buildSettings = {
				ALWAYS_SEARCH_USER_PATHS = NO;
				ASSETCATALOG_COMPILER_GENERATE_SWIFT_ASSET_SYMBOL_EXTENSIONS = YES;
				CLANG_ANALYZER_NONNULL = YES;
				CLANG_ANALYZER_NUMBER_OBJECT_CONVERSION = YES_AGGRESSIVE;
				CLANG_CXX_LANGUAGE_STANDARD = "gnu++20";
				CLANG_ENABLE_MODULES = YES;
				CLANG_ENABLE_OBJC_ARC = YES;
				CLANG_ENABLE_OBJC_WEAK = YES;
				CLANG_WARN_BLOCK_CAPTURE_AUTORELEASING = YES;
				CLANG_WARN_BOOL_CONVERSION = YES;
				CLANG_WARN_COMMA = YES;
				CLANG_WARN_CONSTANT_CONVERSION = YES;
				CLANG_WARN_DEPRECATED_OBJC_IMPLEMENTATIONS = YES;
				CLANG_WARN_DIRECT_OBJC_ISA_USAGE = YES_ERROR;
				CLANG_WARN_DOCUMENTATION_COMMENTS = YES;
				CLANG_WARN_EMPTY_BODY = YES;
				CLANG_WARN_ENUM_CONVERSION = YES;
				CLANG_WARN_INFINITE_RECURSION = YES;
				CLANG_WARN_INT_CONVERSION = YES;
				CLANG_WARN_NON_LITERAL_NULL_CONVERSION = YES;
				CLANG_WARN_OBJC_IMPLICIT_RETAIN_SELF = YES;
				CLANG_WARN_OBJC_LITERAL_CONVERSION = YES;
				CLANG_WARN_OBJC_ROOT_CLASS = YES_ERROR;
				CLANG_WARN_QUOTED_INCLUDE_IN_FRAMEWORK_HEADER = YES;
				CLANG_WARN_RANGE_LOOP_ANALYSIS = YES;
				CLANG_WARN_STRICT_PROTOTYPES = YES;
				CLANG_WARN_SUSPICIOUS_MOVE = YES;
				CLANG_WARN_UNGUARDED_AVAILABILITY = YES_AGGRESSIVE;
				CLANG_WARN_UNREACHABLE_CODE = YES;
				CLANG_WARN__DUPLICATE_METHOD_MATCH = YES;
				COPY_PHASE_STRIP = NO;
				DEBUG_INFORMATION_FORMAT = dwarf;
				ENABLE_STRICT_OBJC_MSGSEND = YES;
				ENABLE_TESTABILITY = YES;
				ENABLE_USER_SCRIPT_SANDBOXING = YES;
				GCC_C_LANGUAGE_STANDARD = gnu17;
				GCC_DYNAMIC_NO_PIC = NO;
				GCC_NO_COMMON_BLOCKS = YES;
				GCC_OPTIMIZATION_LEVEL = 0;
				GCC_PREPROCESSOR_DEFINITIONS = (
					"DEBUG=1",
					"$(inherited)",
				);
				GCC_WARN_64_TO_32_BIT_CONVERSION = YES;
				GCC_WARN_ABOUT_RETURN_TYPE = YES_ERROR;
				GCC_WARN_UNDECLARED_SELECTOR = YES;
				GCC_WARN_UNINITIALIZED_AUTOS = YES_AGGRESSIVE;
				GCC_WARN_UNUSED_FUNCTION = YES;
				GCC_WARN_UNUSED_VARIABLE = YES;
				IPHONEOS_DEPLOYMENT_TARGET = 15.0;
				LOCALIZATION_PREFERS_STRING_CATALOGS = YES;
				MTL_ENABLE_DEBUG_INFO = INCLUDE_SOURCE;
				MTL_FAST_MATH = YES;
				ONLY_ACTIVE_ARCH = YES;
				SDKROOT = iphoneos;
				SWIFT_ACTIVE_COMPILATION_CONDITIONS = "DEBUG $(inherited)";
				SWIFT_OPTIMIZATION_LEVEL = "-Onone";
			};
			name = Debug;
		};
		8E447C0E2BBD52DF009B0FBF /* Release */ = {
			isa = XCBuildConfiguration;
			buildSettings = {
				ALWAYS_SEARCH_USER_PATHS = NO;
				ASSETCATALOG_COMPILER_GENERATE_SWIFT_ASSET_SYMBOL_EXTENSIONS = YES;
				CLANG_ANALYZER_NONNULL = YES;
				CLANG_ANALYZER_NUMBER_OBJECT_CONVERSION = YES_AGGRESSIVE;
				CLANG_CXX_LANGUAGE_STANDARD = "gnu++20";
				CLANG_ENABLE_MODULES = YES;
				CLANG_ENABLE_OBJC_ARC = YES;
				CLANG_ENABLE_OBJC_WEAK = YES;
				CLANG_WARN_BLOCK_CAPTURE_AUTORELEASING = YES;
				CLANG_WARN_BOOL_CONVERSION = YES;
				CLANG_WARN_COMMA = YES;
				CLANG_WARN_CONSTANT_CONVERSION = YES;
				CLANG_WARN_DEPRECATED_OBJC_IMPLEMENTATIONS = YES;
				CLANG_WARN_DIRECT_OBJC_ISA_USAGE = YES_ERROR;
				CLANG_WARN_DOCUMENTATION_COMMENTS = YES;
				CLANG_WARN_EMPTY_BODY = YES;
				CLANG_WARN_ENUM_CONVERSION = YES;
				CLANG_WARN_INFINITE_RECURSION = YES;
				CLANG_WARN_INT_CONVERSION = YES;
				CLANG_WARN_NON_LITERAL_NULL_CONVERSION = YES;
				CLANG_WARN_OBJC_IMPLICIT_RETAIN_SELF = YES;
				CLANG_WARN_OBJC_LITERAL_CONVERSION = YES;
				CLANG_WARN_OBJC_ROOT_CLASS = YES_ERROR;
				CLANG_WARN_QUOTED_INCLUDE_IN_FRAMEWORK_HEADER = YES;
				CLANG_WARN_RANGE_LOOP_ANALYSIS = YES;
				CLANG_WARN_STRICT_PROTOTYPES = YES;
				CLANG_WARN_SUSPICIOUS_MOVE = YES;
				CLANG_WARN_UNGUARDED_AVAILABILITY = YES_AGGRESSIVE;
				CLANG_WARN_UNREACHABLE_CODE = YES;
				CLANG_WARN__DUPLICATE_METHOD_MATCH = YES;
				COPY_PHASE_STRIP = NO;
				DEBUG_INFORMATION_FORMAT = "dwarf-with-dsym";
				ENABLE_NS_ASSERTIONS = NO;
				ENABLE_STRICT_OBJC_MSGSEND = YES;
				ENABLE_USER_SCRIPT_SANDBOXING = YES;
				GCC_C_LANGUAGE_STANDARD = gnu17;
				GCC_NO_COMMON_BLOCKS = YES;
				GCC_WARN_64_TO_32_BIT_CONVERSION = YES;
				GCC_WARN_ABOUT_RETURN_TYPE = YES_ERROR;
				GCC_WARN_UNDECLARED_SELECTOR = YES;
				GCC_WARN_UNINITIALIZED_AUTOS = YES_AGGRESSIVE;
				GCC_WARN_UNUSED_FUNCTION = YES;
				GCC_WARN_UNUSED_VARIABLE = YES;
				IPHONEOS_DEPLOYMENT_TARGET = 15.0;
				LOCALIZATION_PREFERS_STRING_CATALOGS = YES;
				MTL_ENABLE_DEBUG_INFO = NO;
				MTL_FAST_MATH = YES;
				SDKROOT = iphoneos;
				SWIFT_COMPILATION_MODE = wholemodule;
				VALIDATE_PRODUCT = YES;
			};
			name = Release;
		};
		8E447C102BBD52DF009B0FBF /* Debug */ = {
			isa = XCBuildConfiguration;
			baseConfigurationReference = 19D3FB59FEC51CCD80C78FC4 /* Pods-Hi-SwiftUI.debug.xcconfig */;
			buildSettings = {
				ASSETCATALOG_COMPILER_APPICON_NAME = AppIcon;
				ASSETCATALOG_COMPILER_GLOBAL_ACCENT_COLOR_NAME = AccentColor;
				CODE_SIGN_STYLE = Automatic;
				CURRENT_PROJECT_VERSION = 1;
				DEVELOPMENT_ASSET_PATHS = "\"Hi-SwiftUI/Preview Content\"";
				DEVELOPMENT_TEAM = 2SRTBWK6P4;
				ENABLE_PREVIEWS = YES;
				GENERATE_INFOPLIST_FILE = YES;
				INFOPLIST_KEY_UIApplicationSceneManifest_Generation = YES;
				INFOPLIST_KEY_UIApplicationSupportsIndirectInputEvents = YES;
				INFOPLIST_KEY_UILaunchScreen_Generation = YES;
				INFOPLIST_KEY_UISupportedInterfaceOrientations_iPad = "UIInterfaceOrientationPortrait UIInterfaceOrientationPortraitUpsideDown UIInterfaceOrientationLandscapeLeft UIInterfaceOrientationLandscapeRight";
				INFOPLIST_KEY_UISupportedInterfaceOrientations_iPhone = "UIInterfaceOrientationPortrait UIInterfaceOrientationLandscapeLeft UIInterfaceOrientationLandscapeRight";
				IPHONEOS_DEPLOYMENT_TARGET = 15.0;
				LD_RUNPATH_SEARCH_PATHS = (
					"$(inherited)",
					"@executable_path/Frameworks",
				);
				MARKETING_VERSION = 1.0;
				PRODUCT_BUNDLE_IDENTIFIER = "cn.hsa.hi-swiftui.Hi-SwiftUI";
				PRODUCT_NAME = "$(TARGET_NAME)";
				SWIFT_EMIT_LOC_STRINGS = YES;
				SWIFT_OBJC_BRIDGING_HEADER = "Hi-SwiftUI/Base/OC/Hi-SwiftUI-Bridging-Header.h";
				SWIFT_VERSION = 5.0;
				TARGETED_DEVICE_FAMILY = "1,2";
			};
			name = Debug;
		};
		8E447C112BBD52DF009B0FBF /* Release */ = {
			isa = XCBuildConfiguration;
			baseConfigurationReference = 20A25A8769588E211262E118 /* Pods-Hi-SwiftUI.release.xcconfig */;
			buildSettings = {
				ASSETCATALOG_COMPILER_APPICON_NAME = AppIcon;
				ASSETCATALOG_COMPILER_GLOBAL_ACCENT_COLOR_NAME = AccentColor;
				CODE_SIGN_STYLE = Automatic;
				CURRENT_PROJECT_VERSION = 1;
				DEVELOPMENT_ASSET_PATHS = "\"Hi-SwiftUI/Preview Content\"";
				DEVELOPMENT_TEAM = 2SRTBWK6P4;
				ENABLE_PREVIEWS = YES;
				GENERATE_INFOPLIST_FILE = YES;
				INFOPLIST_KEY_UIApplicationSceneManifest_Generation = YES;
				INFOPLIST_KEY_UIApplicationSupportsIndirectInputEvents = YES;
				INFOPLIST_KEY_UILaunchScreen_Generation = YES;
				INFOPLIST_KEY_UISupportedInterfaceOrientations_iPad = "UIInterfaceOrientationPortrait UIInterfaceOrientationPortraitUpsideDown UIInterfaceOrientationLandscapeLeft UIInterfaceOrientationLandscapeRight";
				INFOPLIST_KEY_UISupportedInterfaceOrientations_iPhone = "UIInterfaceOrientationPortrait UIInterfaceOrientationLandscapeLeft UIInterfaceOrientationLandscapeRight";
				IPHONEOS_DEPLOYMENT_TARGET = 15.0;
				LD_RUNPATH_SEARCH_PATHS = (
					"$(inherited)",
					"@executable_path/Frameworks",
				);
				MARKETING_VERSION = 1.0;
				PRODUCT_BUNDLE_IDENTIFIER = "cn.hsa.hi-swiftui.Hi-SwiftUI";
				PRODUCT_NAME = "$(TARGET_NAME)";
				SWIFT_EMIT_LOC_STRINGS = YES;
				SWIFT_OBJC_BRIDGING_HEADER = "Hi-SwiftUI/Base/OC/Hi-SwiftUI-Bridging-Header.h";
				SWIFT_VERSION = 5.0;
				TARGETED_DEVICE_FAMILY = "1,2";
			};
			name = Release;
		};
		8E447C132BBD52DF009B0FBF /* Debug */ = {
			isa = XCBuildConfiguration;
			buildSettings = {
				ALWAYS_EMBED_SWIFT_STANDARD_LIBRARIES = YES;
				BUNDLE_LOADER = "$(TEST_HOST)";
				CODE_SIGN_STYLE = Automatic;
				CURRENT_PROJECT_VERSION = 1;
				DEVELOPMENT_TEAM = 2SRTBWK6P4;
				GENERATE_INFOPLIST_FILE = YES;
				IPHONEOS_DEPLOYMENT_TARGET = 17.0;
				MARKETING_VERSION = 1.0;
				PRODUCT_BUNDLE_IDENTIFIER = "cn.hsa.hi-swiftui.Hi-SwiftUITests";
				PRODUCT_NAME = "$(TARGET_NAME)";
				SWIFT_EMIT_LOC_STRINGS = NO;
				SWIFT_VERSION = 5.0;
				TARGETED_DEVICE_FAMILY = "1,2";
				TEST_HOST = "$(BUILT_PRODUCTS_DIR)/Hi-SwiftUI.app/$(BUNDLE_EXECUTABLE_FOLDER_PATH)/Hi-SwiftUI";
			};
			name = Debug;
		};
		8E447C142BBD52DF009B0FBF /* Release */ = {
			isa = XCBuildConfiguration;
			buildSettings = {
				ALWAYS_EMBED_SWIFT_STANDARD_LIBRARIES = YES;
				BUNDLE_LOADER = "$(TEST_HOST)";
				CODE_SIGN_STYLE = Automatic;
				CURRENT_PROJECT_VERSION = 1;
				DEVELOPMENT_TEAM = 2SRTBWK6P4;
				GENERATE_INFOPLIST_FILE = YES;
				IPHONEOS_DEPLOYMENT_TARGET = 17.0;
				MARKETING_VERSION = 1.0;
				PRODUCT_BUNDLE_IDENTIFIER = "cn.hsa.hi-swiftui.Hi-SwiftUITests";
				PRODUCT_NAME = "$(TARGET_NAME)";
				SWIFT_EMIT_LOC_STRINGS = NO;
				SWIFT_VERSION = 5.0;
				TARGETED_DEVICE_FAMILY = "1,2";
				TEST_HOST = "$(BUILT_PRODUCTS_DIR)/Hi-SwiftUI.app/$(BUNDLE_EXECUTABLE_FOLDER_PATH)/Hi-SwiftUI";
			};
			name = Release;
		};
		8E447C162BBD52DF009B0FBF /* Debug */ = {
			isa = XCBuildConfiguration;
			buildSettings = {
				ALWAYS_EMBED_SWIFT_STANDARD_LIBRARIES = YES;
				CODE_SIGN_STYLE = Automatic;
				CURRENT_PROJECT_VERSION = 1;
				DEVELOPMENT_TEAM = 2SRTBWK6P4;
				GENERATE_INFOPLIST_FILE = YES;
				MARKETING_VERSION = 1.0;
				PRODUCT_BUNDLE_IDENTIFIER = "cn.hsa.hi-swiftui.Hi-SwiftUIUITests";
				PRODUCT_NAME = "$(TARGET_NAME)";
				SWIFT_EMIT_LOC_STRINGS = NO;
				SWIFT_VERSION = 5.0;
				TARGETED_DEVICE_FAMILY = "1,2";
				TEST_TARGET_NAME = "Hi-SwiftUI";
			};
			name = Debug;
		};
		8E447C172BBD52DF009B0FBF /* Release */ = {
			isa = XCBuildConfiguration;
			buildSettings = {
				ALWAYS_EMBED_SWIFT_STANDARD_LIBRARIES = YES;
				CODE_SIGN_STYLE = Automatic;
				CURRENT_PROJECT_VERSION = 1;
				DEVELOPMENT_TEAM = 2SRTBWK6P4;
				GENERATE_INFOPLIST_FILE = YES;
				MARKETING_VERSION = 1.0;
				PRODUCT_BUNDLE_IDENTIFIER = "cn.hsa.hi-swiftui.Hi-SwiftUIUITests";
				PRODUCT_NAME = "$(TARGET_NAME)";
				SWIFT_EMIT_LOC_STRINGS = NO;
				SWIFT_VERSION = 5.0;
				TARGETED_DEVICE_FAMILY = "1,2";
				TEST_TARGET_NAME = "Hi-SwiftUI";
			};
			name = Release;
		};
/* End XCBuildConfiguration section */

/* Begin XCConfigurationList section */
		8E447BE62BBD52DE009B0FBF /* Build configuration list for PBXProject "Hi-SwiftUI" */ = {
			isa = XCConfigurationList;
			buildConfigurations = (
				8E447C0D2BBD52DF009B0FBF /* Debug */,
				8E447C0E2BBD52DF009B0FBF /* Release */,
			);
			defaultConfigurationIsVisible = 0;
			defaultConfigurationName = Release;
		};
		8E447C0F2BBD52DF009B0FBF /* Build configuration list for PBXNativeTarget "Hi-SwiftUI" */ = {
			isa = XCConfigurationList;
			buildConfigurations = (
				8E447C102BBD52DF009B0FBF /* Debug */,
				8E447C112BBD52DF009B0FBF /* Release */,
			);
			defaultConfigurationIsVisible = 0;
			defaultConfigurationName = Release;
		};
		8E447C122BBD52DF009B0FBF /* Build configuration list for PBXNativeTarget "Hi-SwiftUITests" */ = {
			isa = XCConfigurationList;
			buildConfigurations = (
				8E447C132BBD52DF009B0FBF /* Debug */,
				8E447C142BBD52DF009B0FBF /* Release */,
			);
			defaultConfigurationIsVisible = 0;
			defaultConfigurationName = Release;
		};
		8E447C152BBD52DF009B0FBF /* Build configuration list for PBXNativeTarget "Hi-SwiftUIUITests" */ = {
			isa = XCConfigurationList;
			buildConfigurations = (
				8E447C162BBD52DF009B0FBF /* Debug */,
				8E447C172BBD52DF009B0FBF /* Release */,
			);
			defaultConfigurationIsVisible = 0;
			defaultConfigurationName = Release;
		};
/* End XCConfigurationList section */

/* Begin XCRemoteSwiftPackageReference section */
		8E09DD812DBB2F7D007B304D /* XCRemoteSwiftPackageReference "Kingfisher" */ = {
			isa = XCRemoteSwiftPackageReference;
			repositoryURL = "https://github.com/onevcat/Kingfisher";
			requirement = {
				kind = exactVersion;
				version = 8.3.2;
			};
		};
		8E09DD842DBB2FA7007B304D /* XCRemoteSwiftPackageReference "ObjectMapper" */ = {
			isa = XCRemoteSwiftPackageReference;
			repositoryURL = "https://github.com/tristanhimmelman/ObjectMapper";
			requirement = {
				kind = exactVersion;
				version = 4.4.3;
			};
		};
		8E09DD872DBB2FC7007B304D /* XCRemoteSwiftPackageReference "KakaJSON" */ = {
			isa = XCRemoteSwiftPackageReference;
			repositoryURL = "https://github.com/kakaopensource/KakaJSON";
			requirement = {
				kind = exactVersion;
				version = 1.1.2;
			};
		};
		8ECA6FD92D8416F400EBA4D3 /* XCRemoteSwiftPackageReference "SwiftyJSON" */ = {
			isa = XCRemoteSwiftPackageReference;
			repositoryURL = "https://github.com/SwiftyJSON/SwiftyJSON";
			requirement = {
				kind = exactVersion;
				version = 5.0.2;
			};
		};
		8ECA6FDC2D84178200EBA4D3 /* XCRemoteSwiftPackageReference "MBProgressHUD" */ = {
			isa = XCRemoteSwiftPackageReference;
			repositoryURL = "https://github.com/jdg/MBProgressHUD.git";
			requirement = {
				kind = exactVersion;
				version = 1.2.0;
			};
		};
		8ECA6FDF2D84263F00EBA4D3 /* XCRemoteSwiftPackageReference "HandyJSON" */ = {
			isa = XCRemoteSwiftPackageReference;
			repositoryURL = "https://github.com/alibaba/HandyJSON";
			requirement = {
				kind = exactVersion;
				version = 5.0.2;
			};
		};
		8EF1E2442D81356C0043DDD9 /* XCRemoteSwiftPackageReference "Moya" */ = {
			isa = XCRemoteSwiftPackageReference;
			repositoryURL = "https://github.com/Moya/Moya.git";
			requirement = {
				kind = exactVersion;
				version = 15.0.3;
			};
		};
/* End XCRemoteSwiftPackageReference section */

/* Begin XCSwiftPackageProductDependency section */
		8E09DD822DBB2F7D007B304D /* Kingfisher */ = {
			isa = XCSwiftPackageProductDependency;
			package = 8E09DD812DBB2F7D007B304D /* XCRemoteSwiftPackageReference "Kingfisher" */;
			productName = Kingfisher;
		};
		8E09DD852DBB2FA7007B304D /* ObjectMapper */ = {
			isa = XCSwiftPackageProductDependency;
			package = 8E09DD842DBB2FA7007B304D /* XCRemoteSwiftPackageReference "ObjectMapper" */;
			productName = ObjectMapper;
		};
		8E09DD882DBB2FC7007B304D /* KakaJSON */ = {
			isa = XCSwiftPackageProductDependency;
			package = 8E09DD872DBB2FC7007B304D /* XCRemoteSwiftPackageReference "KakaJSON" */;
			productName = KakaJSON;
		};
		8ECA6FDA2D8416F400EBA4D3 /* SwiftyJSON */ = {
			isa = XCSwiftPackageProductDependency;
			package = 8ECA6FD92D8416F400EBA4D3 /* XCRemoteSwiftPackageReference "SwiftyJSON" */;
			productName = SwiftyJSON;
		};
		8ECA6FDD2D84178200EBA4D3 /* MBProgressHUD */ = {
			isa = XCSwiftPackageProductDependency;
			package = 8ECA6FDC2D84178200EBA4D3 /* XCRemoteSwiftPackageReference "MBProgressHUD" */;
			productName = MBProgressHUD;
		};
		8ECA6FE02D84263F00EBA4D3 /* HandyJSON */ = {
			isa = XCSwiftPackageProductDependency;
			package = 8ECA6FDF2D84263F00EBA4D3 /* XCRemoteSwiftPackageReference "HandyJSON" */;
			productName = HandyJSON;
		};
		8EF1E2452D81356C0043DDD9 /* Moya */ = {
			isa = XCSwiftPackageProductDependency;
			package = 8EF1E2442D81356C0043DDD9 /* XCRemoteSwiftPackageReference "Moya" */;
			productName = Moya;
		};
		8EF1E2472D81356C0043DDD9 /* RxMoya */ = {
			isa = XCSwiftPackageProductDependency;
			package = 8EF1E2442D81356C0043DDD9 /* XCRemoteSwiftPackageReference "Moya" */;
			productName = RxMoya;
		};
/* End XCSwiftPackageProductDependency section */
	};
	rootObject = 8E447BE32BBD52DE009B0FBF /* Project object */;
}
