// !$*UTF8*$!
{
	archiveVersion = 1;
	classes = {
	};
	objectVersion = 56;
	objects = {

/* Begin PBXBuildFile section */
		8E447BEF2BBD52DE009B0FBF /* Hi_SwiftUIApp.swift in Sources */ = {isa = PBXBuildFile; fileRef = 8E447BEE2BBD52DE009B0FBF /* Hi_SwiftUIApp.swift */; };
		8E447BF12BBD52DE009B0FBF /* ContentView.swift in Sources */ = {isa = PBXBuildFile; fileRef = 8E447BF02BBD52DE009B0FBF /* ContentView.swift */; };
		8E447BF32BBD52DF009B0FBF /* Assets.xcassets in Resources */ = {isa = PBXBuildFile; fileRef = 8E447BF22BBD52DF009B0FBF /* Assets.xcassets */; };
		8E447BF62BBD52DF009B0FBF /* Preview Assets.xcassets in Resources */ = {isa = PBXBuildFile; fileRef = 8E447BF52BBD52DF009B0FBF /* Preview Assets.xcassets */; };
		8E447C002BBD52DF009B0FBF /* Hi_SwiftUITests.swift in Sources */ = {isa = PBXBuildFile; fileRef = 8E447BFF2BBD52DF009B0FBF /* Hi_SwiftUITests.swift */; };
		8E447C0A2BBD52DF009B0FBF /* Hi_SwiftUIUITests.swift in Sources */ = {isa = PBXBuildFile; fileRef = 8E447C092BBD52DF009B0FBF /* Hi_SwiftUIUITests.swift */; };
		8E447C0C2BBD52DF009B0FBF /* Hi_SwiftUIUITestsLaunchTests.swift in Sources */ = {isa = PBXBuildFile; fileRef = 8E447C0B2BBD52DF009B0FBF /* Hi_SwiftUIUITestsLaunchTests.swift */; };
/* End PBXBuildFile section */

/* Begin PBXContainerItemProxy section */
		8E447BFC2BBD52DF009B0FBF /* PBXContainerItemProxy */ = {
			isa = PBXContainerItemProxy;
			containerPortal = 8E447BE32BBD52DE009B0FBF /* Project object */;
			proxyType = 1;
			remoteGlobalIDString = 8E447BEA2BBD52DE009B0FBF;
			remoteInfo = "Hi-SwiftUI";
		};
		8E447C062BBD52DF009B0FBF /* PBXContainerItemProxy */ = {
			isa = PBXContainerItemProxy;
			containerPortal = 8E447BE32BBD52DE009B0FBF /* Project object */;
			proxyType = 1;
			remoteGlobalIDString = 8E447BEA2BBD52DE009B0FBF;
			remoteInfo = "Hi-SwiftUI";
		};
/* End PBXContainerItemProxy section */

/* Begin PBXFileReference section */
		8E447BEB2BBD52DE009B0FBF /* Hi-SwiftUI.app */ = {isa = PBXFileReference; explicitFileType = wrapper.application; includeInIndex = 0; path = "Hi-SwiftUI.app"; sourceTree = BUILT_PRODUCTS_DIR; };
		8E447BEE2BBD52DE009B0FBF /* Hi_SwiftUIApp.swift */ = {isa = PBXFileReference; lastKnownFileType = sourcecode.swift; path = Hi_SwiftUIApp.swift; sourceTree = "<group>"; };
		8E447BF02BBD52DE009B0FBF /* ContentView.swift */ = {isa = PBXFileReference; lastKnownFileType = sourcecode.swift; path = ContentView.swift; sourceTree = "<group>"; };
		8E447BF22BBD52DF009B0FBF /* Assets.xcassets */ = {isa = PBXFileReference; lastKnownFileType = folder.assetcatalog; path = Assets.xcassets; sourceTree = "<group>"; };
		8E447BF52BBD52DF009B0FBF /* Preview Assets.xcassets */ = {isa = PBXFileReference; lastKnownFileType = folder.assetcatalog; path = "Preview Assets.xcassets"; sourceTree = "<group>"; };
		8E447BFB2BBD52DF009B0FBF /* Hi-SwiftUITests.xctest */ = {isa = PBXFileReference; explicitFileType = wrapper.cfbundle; includeInIndex = 0; path = "Hi-SwiftUITests.xctest"; sourceTree = BUILT_PRODUCTS_DIR; };
		8E447BFF2BBD52DF009B0FBF /* Hi_SwiftUITests.swift */ = {isa = PBXFileReference; lastKnownFileType = sourcecode.swift; path = Hi_SwiftUITests.swift; sourceTree = "<group>"; };
		8E447C052BBD52DF009B0FBF /* Hi-SwiftUIUITests.xctest */ = {isa = PBXFileReference; explicitFileType = wrapper.cfbundle; includeInIndex = 0; path = "Hi-SwiftUIUITests.xctest"; sourceTree = BUILT_PRODUCTS_DIR; };
		8E447C092BBD52DF009B0FBF /* Hi_SwiftUIUITests.swift */ = {isa = PBXFileReference; lastKnownFileType = sourcecode.swift; path = Hi_SwiftUIUITests.swift; sourceTree = "<group>"; };
		8E447C0B2BBD52DF009B0FBF /* Hi_SwiftUIUITestsLaunchTests.swift */ = {isa = PBXFileReference; lastKnownFileType = sourcecode.swift; path = Hi_SwiftUIUITestsLaunchTests.swift; sourceTree = "<group>"; };
/* End PBXFileReference section */

/* Begin PBXFrameworksBuildPhase section */
		8E447BE82BBD52DE009B0FBF /* Frameworks */ = {
			isa = PBXFrameworksBuildPhase;
			buildActionMask = 2147483647;
			files = (
			);
			runOnlyForDeploymentPostprocessing = 0;
		};
		8E447BF82BBD52DF009B0FBF /* Frameworks */ = {
			isa = PBXFrameworksBuildPhase;
			buildActionMask = 2147483647;
			files = (
			);
			runOnlyForDeploymentPostprocessing = 0;
		};
		8E447C022BBD52DF009B0FBF /* Frameworks */ = {
			isa = PBXFrameworksBuildPhase;
			buildActionMask = 2147483647;
			files = (
			);
			runOnlyForDeploymentPostprocessing = 0;
		};
/* End PBXFrameworksBuildPhase section */

/* Begin PBXGroup section */
		8E447BE22BBD52DE009B0FBF = {
			isa = PBXGroup;
			children = (
				8E447BED2BBD52DE009B0FBF /* Hi-SwiftUI */,
				8E447BFE2BBD52DF009B0FBF /* Hi-SwiftUITests */,
				8E447C082BBD52DF009B0FBF /* Hi-SwiftUIUITests */,
				8E447BEC2BBD52DE009B0FBF /* Products */,
			);
			sourceTree = "<group>";
		};
		8E447BEC2BBD52DE009B0FBF /* Products */ = {
			isa = PBXGroup;
			children = (
				8E447BEB2BBD52DE009B0FBF /* Hi-SwiftUI.app */,
				8E447BFB2BBD52DF009B0FBF /* Hi-SwiftUITests.xctest */,
				8E447C052BBD52DF009B0FBF /* Hi-SwiftUIUITests.xctest */,
			);
			name = Products;
			sourceTree = "<group>";
		};
		8E447BED2BBD52DE009B0FBF /* Hi-SwiftUI */ = {
			isa = PBXGroup;
			children = (
				8E447BEE2BBD52DE009B0FBF /* Hi_SwiftUIApp.swift */,
				8E447BF02BBD52DE009B0FBF /* ContentView.swift */,
				8E447BF22BBD52DF009B0FBF /* Assets.xcassets */,
				8E447BF42BBD52DF009B0FBF /* Preview Content */,
			);
			path = "Hi-SwiftUI";
			sourceTree = "<group>";
		};
		8E447BF42BBD52DF009B0FBF /* Preview Content */ = {
			isa = PBXGroup;
			children = (
				8E447BF52BBD52DF009B0FBF /* Preview Assets.xcassets */,
			);
			path = "Preview Content";
			sourceTree = "<group>";
		};
		8E447BFE2BBD52DF009B0FBF /* Hi-SwiftUITests */ = {
			isa = PBXGroup;
			children = (
				8E447BFF2BBD52DF009B0FBF /* Hi_SwiftUITests.swift */,
			);
			path = "Hi-SwiftUITests";
			sourceTree = "<group>";
		};
		8E447C082BBD52DF009B0FBF /* Hi-SwiftUIUITests */ = {
			isa = PBXGroup;
			children = (
				8E447C092BBD52DF009B0FBF /* Hi_SwiftUIUITests.swift */,
				8E447C0B2BBD52DF009B0FBF /* Hi_SwiftUIUITestsLaunchTests.swift */,
			);
			path = "Hi-SwiftUIUITests";
			sourceTree = "<group>";
		};
/* End PBXGroup section */

/* Begin PBXNativeTarget section */
		8E447BEA2BBD52DE009B0FBF /* Hi-SwiftUI */ = {
			isa = PBXNativeTarget;
			buildConfigurationList = 8E447C0F2BBD52DF009B0FBF /* Build configuration list for PBXNativeTarget "Hi-SwiftUI" */;
			buildPhases = (
				8E447BE72BBD52DE009B0FBF /* Sources */,
				8E447BE82BBD52DE009B0FBF /* Frameworks */,
				8E447BE92BBD52DE009B0FBF /* Resources */,
			);
			buildRules = (
			);
			dependencies = (
			);
			name = "Hi-SwiftUI";
			productName = "Hi-SwiftUI";
			productReference = 8E447BEB2BBD52DE009B0FBF /* Hi-SwiftUI.app */;
			productType = "com.apple.product-type.application";
		};
		8E447BFA2BBD52DF009B0FBF /* Hi-SwiftUITests */ = {
			isa = PBXNativeTarget;
			buildConfigurationList = 8E447C122BBD52DF009B0FBF /* Build configuration list for PBXNativeTarget "Hi-SwiftUITests" */;
			buildPhases = (
				8E447BF72BBD52DF009B0FBF /* Sources */,
				8E447BF82BBD52DF009B0FBF /* Frameworks */,
				8E447BF92BBD52DF009B0FBF /* Resources */,
			);
			buildRules = (
			);
			dependencies = (
				8E447BFD2BBD52DF009B0FBF /* PBXTargetDependency */,
			);
			name = "Hi-SwiftUITests";
			productName = "Hi-SwiftUITests";
			productReference = 8E447BFB2BBD52DF009B0FBF /* Hi-SwiftUITests.xctest */;
			productType = "com.apple.product-type.bundle.unit-test";
		};
		8E447C042BBD52DF009B0FBF /* Hi-SwiftUIUITests */ = {
			isa = PBXNativeTarget;
			buildConfigurationList = 8E447C152BBD52DF009B0FBF /* Build configuration list for PBXNativeTarget "Hi-SwiftUIUITests" */;
			buildPhases = (
				8E447C012BBD52DF009B0FBF /* Sources */,
				8E447C022BBD52DF009B0FBF /* Frameworks */,
				8E447C032BBD52DF009B0FBF /* Resources */,
			);
			buildRules = (
			);
			dependencies = (
				8E447C072BBD52DF009B0FBF /* PBXTargetDependency */,
			);
			name = "Hi-SwiftUIUITests";
			productName = "Hi-SwiftUIUITests";
			productReference = 8E447C052BBD52DF009B0FBF /* Hi-SwiftUIUITests.xctest */;
			productType = "com.apple.product-type.bundle.ui-testing";
		};
/* End PBXNativeTarget section */

/* Begin PBXProject section */
		8E447BE32BBD52DE009B0FBF /* Project object */ = {
			isa = PBXProject;
			attributes = {
				BuildIndependentTargetsInParallel = 1;
				LastSwiftUpdateCheck = 1500;
				LastUpgradeCheck = 1500;
				TargetAttributes = {
					8E447BEA2BBD52DE009B0FBF = {
						CreatedOnToolsVersion = 15.0;
					};
					8E447BFA2BBD52DF009B0FBF = {
						CreatedOnToolsVersion = 15.0;
						TestTargetID = 8E447BEA2BBD52DE009B0FBF;
					};
					8E447C042BBD52DF009B0FBF = {
						CreatedOnToolsVersion = 15.0;
						TestTargetID = 8E447BEA2BBD52DE009B0FBF;
					};
				};
			};
			buildConfigurationList = 8E447BE62BBD52DE009B0FBF /* Build configuration list for PBXProject "Hi-SwiftUI" */;
			compatibilityVersion = "Xcode 14.0";
			developmentRegion = en;
			hasScannedForEncodings = 0;
			knownRegions = (
				en,
				Base,
			);
			mainGroup = 8E447BE22BBD52DE009B0FBF;
			productRefGroup = 8E447BEC2BBD52DE009B0FBF /* Products */;
			projectDirPath = "";
			projectRoot = "";
			targets = (
				8E447BEA2BBD52DE009B0FBF /* Hi-SwiftUI */,
				8E447BFA2BBD52DF009B0FBF /* Hi-SwiftUITests */,
				8E447C042BBD52DF009B0FBF /* Hi-SwiftUIUITests */,
			);
		};
/* End PBXProject section */

/* Begin PBXResourcesBuildPhase section */
		8E447BE92BBD52DE009B0FBF /* Resources */ = {
			isa = PBXResourcesBuildPhase;
			buildActionMask = 2147483647;
			files = (
				8E447BF62BBD52DF009B0FBF /* Preview Assets.xcassets in Resources */,
				8E447BF32BBD52DF009B0FBF /* Assets.xcassets in Resources */,
			);
			runOnlyForDeploymentPostprocessing = 0;
		};
		8E447BF92BBD52DF009B0FBF /* Resources */ = {
			isa = PBXResourcesBuildPhase;
			buildActionMask = 2147483647;
			files = (
			);
			runOnlyForDeploymentPostprocessing = 0;
		};
		8E447C032BBD52DF009B0FBF /* Resources */ = {
			isa = PBXResourcesBuildPhase;
			buildActionMask = 2147483647;
			files = (
			);
			runOnlyForDeploymentPostprocessing = 0;
		};
/* End PBXResourcesBuildPhase section */

/* Begin PBXSourcesBuildPhase section */
		8E447BE72BBD52DE009B0FBF /* Sources */ = {
			isa = PBXSourcesBuildPhase;
			buildActionMask = 2147483647;
			files = (
				8E447BF12BBD52DE009B0FBF /* ContentView.swift in Sources */,
				8E447BEF2BBD52DE009B0FBF /* Hi_SwiftUIApp.swift in Sources */,
			);
			runOnlyForDeploymentPostprocessing = 0;
		};
		8E447BF72BBD52DF009B0FBF /* Sources */ = {
			isa = PBXSourcesBuildPhase;
			buildActionMask = 2147483647;
			files = (
				8E447C002BBD52DF009B0FBF /* Hi_SwiftUITests.swift in Sources */,
			);
			runOnlyForDeploymentPostprocessing = 0;
		};
		8E447C012BBD52DF009B0FBF /* Sources */ = {
			isa = PBXSourcesBuildPhase;
			buildActionMask = 2147483647;
			files = (
				8E447C0A2BBD52DF009B0FBF /* Hi_SwiftUIUITests.swift in Sources */,
				8E447C0C2BBD52DF009B0FBF /* Hi_SwiftUIUITestsLaunchTests.swift in Sources */,
			);
			runOnlyForDeploymentPostprocessing = 0;
		};
/* End PBXSourcesBuildPhase section */

/* Begin PBXTargetDependency section */
		8E447BFD2BBD52DF009B0FBF /* PBXTargetDependency */ = {
			isa = PBXTargetDependency;
			target = 8E447BEA2BBD52DE009B0FBF /* Hi-SwiftUI */;
			targetProxy = 8E447BFC2BBD52DF009B0FBF /* PBXContainerItemProxy */;
		};
		8E447C072BBD52DF009B0FBF /* PBXTargetDependency */ = {
			isa = PBXTargetDependency;
			target = 8E447BEA2BBD52DE009B0FBF /* Hi-SwiftUI */;
			targetProxy = 8E447C062BBD52DF009B0FBF /* PBXContainerItemProxy */;
		};
/* End PBXTargetDependency section */

/* Begin XCBuildConfiguration section */
		8E447C0D2BBD52DF009B0FBF /* Debug */ = {
			isa = XCBuildConfiguration;
			buildSettings = {
				ALWAYS_SEARCH_USER_PATHS = NO;
				ASSETCATALOG_COMPILER_GENERATE_SWIFT_ASSET_SYMBOL_EXTENSIONS = YES;
				CLANG_ANALYZER_NONNULL = YES;
				CLANG_ANALYZER_NUMBER_OBJECT_CONVERSION = YES_AGGRESSIVE;
				CLANG_CXX_LANGUAGE_STANDARD = "gnu++20";
				CLANG_ENABLE_MODULES = YES;
				CLANG_ENABLE_OBJC_ARC = YES;
				CLANG_ENABLE_OBJC_WEAK = YES;
				CLANG_WARN_BLOCK_CAPTURE_AUTORELEASING = YES;
				CLANG_WARN_BOOL_CONVERSION = YES;
				CLANG_WARN_COMMA = YES;
				CLANG_WARN_CONSTANT_CONVERSION = YES;
				CLANG_WARN_DEPRECATED_OBJC_IMPLEMENTATIONS = YES;
				CLANG_WARN_DIRECT_OBJC_ISA_USAGE = YES_ERROR;
				CLANG_WARN_DOCUMENTATION_COMMENTS = YES;
				CLANG_WARN_EMPTY_BODY = YES;
				CLANG_WARN_ENUM_CONVERSION = YES;
				CLANG_WARN_INFINITE_RECURSION = YES;
				CLANG_WARN_INT_CONVERSION = YES;
				CLANG_WARN_NON_LITERAL_NULL_CONVERSION = YES;
				CLANG_WARN_OBJC_IMPLICIT_RETAIN_SELF = YES;
				CLANG_WARN_OBJC_LITERAL_CONVERSION = YES;
				CLANG_WARN_OBJC_ROOT_CLASS = YES_ERROR;
				CLANG_WARN_QUOTED_INCLUDE_IN_FRAMEWORK_HEADER = YES;
				CLANG_WARN_RANGE_LOOP_ANALYSIS = YES;
				CLANG_WARN_STRICT_PROTOTYPES = YES;
				CLANG_WARN_SUSPICIOUS_MOVE = YES;
				CLANG_WARN_UNGUARDED_AVAILABILITY = YES_AGGRESSIVE;
				CLANG_WARN_UNREACHABLE_CODE = YES;
				CLANG_WARN__DUPLICATE_METHOD_MATCH = YES;
				COPY_PHASE_STRIP = NO;
				DEBUG_INFORMATION_FORMAT = dwarf;
				ENABLE_STRICT_OBJC_MSGSEND = YES;
				ENABLE_TESTABILITY = YES;
				ENABLE_USER_SCRIPT_SANDBOXING = YES;
				GCC_C_LANGUAGE_STANDARD = gnu17;
				GCC_DYNAMIC_NO_PIC = NO;
				GCC_NO_COMMON_BLOCKS = YES;
				GCC_OPTIMIZATION_LEVEL = 0;
				GCC_PREPROCESSOR_DEFINITIONS = (
					"DEBUG=1",
					"$(inherited)",
				);
				GCC_WARN_64_TO_32_BIT_CONVERSION = YES;
				GCC_WARN_ABOUT_RETURN_TYPE = YES_ERROR;
				GCC_WARN_UNDECLARED_SELECTOR = YES;
				GCC_WARN_UNINITIALIZED_AUTOS = YES_AGGRESSIVE;
				GCC_WARN_UNUSED_FUNCTION = YES;
				GCC_WARN_UNUSED_VARIABLE = YES;
				IPHONEOS_DEPLOYMENT_TARGET = 17.0;
				LOCALIZATION_PREFERS_STRING_CATALOGS = YES;
				MTL_ENABLE_DEBUG_INFO = INCLUDE_SOURCE;
				MTL_FAST_MATH = YES;
				ONLY_ACTIVE_ARCH = YES;
				SDKROOT = iphoneos;
				SWIFT_ACTIVE_COMPILATION_CONDITIONS = "DEBUG $(inherited)";
				SWIFT_OPTIMIZATION_LEVEL = "-Onone";
			};
			name = Debug;
		};
		8E447C0E2BBD52DF009B0FBF /* Release */ = {
			isa = XCBuildConfiguration;
			buildSettings = {
				ALWAYS_SEARCH_USER_PATHS = NO;
				ASSETCATALOG_COMPILER_GENERATE_SWIFT_ASSET_SYMBOL_EXTENSIONS = YES;
				CLANG_ANALYZER_NONNULL = YES;
				CLANG_ANALYZER_NUMBER_OBJECT_CONVERSION = YES_AGGRESSIVE;
				CLANG_CXX_LANGUAGE_STANDARD = "gnu++20";
				CLANG_ENABLE_MODULES = YES;
				CLANG_ENABLE_OBJC_ARC = YES;
				CLANG_ENABLE_OBJC_WEAK = YES;
				CLANG_WARN_BLOCK_CAPTURE_AUTORELEASING = YES;
				CLANG_WARN_BOOL_CONVERSION = YES;
				CLANG_WARN_COMMA = YES;
				CLANG_WARN_CONSTANT_CONVERSION = YES;
				CLANG_WARN_DEPRECATED_OBJC_IMPLEMENTATIONS = YES;
				CLANG_WARN_DIRECT_OBJC_ISA_USAGE = YES_ERROR;
				CLANG_WARN_DOCUMENTATION_COMMENTS = YES;
				CLANG_WARN_EMPTY_BODY = YES;
				CLANG_WARN_ENUM_CONVERSION = YES;
				CLANG_WARN_INFINITE_RECURSION = YES;
				CLANG_WARN_INT_CONVERSION = YES;
				CLANG_WARN_NON_LITERAL_NULL_CONVERSION = YES;
				CLANG_WARN_OBJC_IMPLICIT_RETAIN_SELF = YES;
				CLANG_WARN_OBJC_LITERAL_CONVERSION = YES;
				CLANG_WARN_OBJC_ROOT_CLASS = YES_ERROR;
				CLANG_WARN_QUOTED_INCLUDE_IN_FRAMEWORK_HEADER = YES;
				CLANG_WARN_RANGE_LOOP_ANALYSIS = YES;
				CLANG_WARN_STRICT_PROTOTYPES = YES;
				CLANG_WARN_SUSPICIOUS_MOVE = YES;
				CLANG_WARN_UNGUARDED_AVAILABILITY = YES_AGGRESSIVE;
				CLANG_WARN_UNREACHABLE_CODE = YES;
				CLANG_WARN__DUPLICATE_METHOD_MATCH = YES;
				COPY_PHASE_STRIP = NO;
				DEBUG_INFORMATION_FORMAT = "dwarf-with-dsym";
				ENABLE_NS_ASSERTIONS = NO;
				ENABLE_STRICT_OBJC_MSGSEND = YES;
				ENABLE_USER_SCRIPT_SANDBOXING = YES;
				GCC_C_LANGUAGE_STANDARD = gnu17;
				GCC_NO_COMMON_BLOCKS = YES;
				GCC_WARN_64_TO_32_BIT_CONVERSION = YES;
				GCC_WARN_ABOUT_RETURN_TYPE = YES_ERROR;
				GCC_WARN_UNDECLARED_SELECTOR = YES;
				GCC_WARN_UNINITIALIZED_AUTOS = YES_AGGRESSIVE;
				GCC_WARN_UNUSED_FUNCTION = YES;
				GCC_WARN_UNUSED_VARIABLE = YES;
				IPHONEOS_DEPLOYMENT_TARGET = 17.0;
				LOCALIZATION_PREFERS_STRING_CATALOGS = YES;
				MTL_ENABLE_DEBUG_INFO = NO;
				MTL_FAST_MATH = YES;
				SDKROOT = iphoneos;
				SWIFT_COMPILATION_MODE = wholemodule;
				VALIDATE_PRODUCT = YES;
			};
			name = Release;
		};
		8E447C102BBD52DF009B0FBF /* Debug */ = {
			isa = XCBuildConfiguration;
			buildSettings = {
				ASSETCATALOG_COMPILER_APPICON_NAME = AppIcon;
				ASSETCATALOG_COMPILER_GLOBAL_ACCENT_COLOR_NAME = AccentColor;
				CODE_SIGN_STYLE = Automatic;
				CURRENT_PROJECT_VERSION = 1;
				DEVELOPMENT_ASSET_PATHS = "\"Hi-SwiftUI/Preview Content\"";
				DEVELOPMENT_TEAM = 2SRTBWK6P4;
				ENABLE_PREVIEWS = YES;
				GENERATE_INFOPLIST_FILE = YES;
				INFOPLIST_KEY_UIApplicationSceneManifest_Generation = YES;
				INFOPLIST_KEY_UIApplicationSupportsIndirectInputEvents = YES;
				INFOPLIST_KEY_UILaunchScreen_Generation = YES;
				INFOPLIST_KEY_UISupportedInterfaceOrientations_iPad = "UIInterfaceOrientationPortrait UIInterfaceOrientationPortraitUpsideDown UIInterfaceOrientationLandscapeLeft UIInterfaceOrientationLandscapeRight";
				INFOPLIST_KEY_UISupportedInterfaceOrientations_iPhone = "UIInterfaceOrientationPortrait UIInterfaceOrientationLandscapeLeft UIInterfaceOrientationLandscapeRight";
				LD_RUNPATH_SEARCH_PATHS = (
					"$(inherited)",
					"@executable_path/Frameworks",
				);
				MARKETING_VERSION = 1.0;
				PRODUCT_BUNDLE_IDENTIFIER = "cn.hsa.hi-swiftui.Hi-SwiftUI";
				PRODUCT_NAME = "$(TARGET_NAME)";
				SWIFT_EMIT_LOC_STRINGS = YES;
				SWIFT_VERSION = 5.0;
				TARGETED_DEVICE_FAMILY = "1,2";
			};
			name = Debug;
		};
		8E447C112BBD52DF009B0FBF /* Release */ = {
			isa = XCBuildConfiguration;
			buildSettings = {
				ASSETCATALOG_COMPILER_APPICON_NAME = AppIcon;
				ASSETCATALOG_COMPILER_GLOBAL_ACCENT_COLOR_NAME = AccentColor;
				CODE_SIGN_STYLE = Automatic;
				CURRENT_PROJECT_VERSION = 1;
				DEVELOPMENT_ASSET_PATHS = "\"Hi-SwiftUI/Preview Content\"";
				DEVELOPMENT_TEAM = 2SRTBWK6P4;
				ENABLE_PREVIEWS = YES;
				GENERATE_INFOPLIST_FILE = YES;
				INFOPLIST_KEY_UIApplicationSceneManifest_Generation = YES;
				INFOPLIST_KEY_UIApplicationSupportsIndirectInputEvents = YES;
				INFOPLIST_KEY_UILaunchScreen_Generation = YES;
				INFOPLIST_KEY_UISupportedInterfaceOrientations_iPad = "UIInterfaceOrientationPortrait UIInterfaceOrientationPortraitUpsideDown UIInterfaceOrientationLandscapeLeft UIInterfaceOrientationLandscapeRight";
				INFOPLIST_KEY_UISupportedInterfaceOrientations_iPhone = "UIInterfaceOrientationPortrait UIInterfaceOrientationLandscapeLeft UIInterfaceOrientationLandscapeRight";
				LD_RUNPATH_SEARCH_PATHS = (
					"$(inherited)",
					"@executable_path/Frameworks",
				);
				MARKETING_VERSION = 1.0;
				PRODUCT_BUNDLE_IDENTIFIER = "cn.hsa.hi-swiftui.Hi-SwiftUI";
				PRODUCT_NAME = "$(TARGET_NAME)";
				SWIFT_EMIT_LOC_STRINGS = YES;
				SWIFT_VERSION = 5.0;
				TARGETED_DEVICE_FAMILY = "1,2";
			};
			name = Release;
		};
		8E447C132BBD52DF009B0FBF /* Debug */ = {
			isa = XCBuildConfiguration;
			buildSettings = {
				ALWAYS_EMBED_SWIFT_STANDARD_LIBRARIES = YES;
				BUNDLE_LOADER = "$(TEST_HOST)";
				CODE_SIGN_STYLE = Automatic;
				CURRENT_PROJECT_VERSION = 1;
				DEVELOPMENT_TEAM = 2SRTBWK6P4;
				GENERATE_INFOPLIST_FILE = YES;
				IPHONEOS_DEPLOYMENT_TARGET = 17.0;
				MARKETING_VERSION = 1.0;
				PRODUCT_BUNDLE_IDENTIFIER = "cn.hsa.hi-swiftui.Hi-SwiftUITests";
				PRODUCT_NAME = "$(TARGET_NAME)";
				SWIFT_EMIT_LOC_STRINGS = NO;
				SWIFT_VERSION = 5.0;
				TARGETED_DEVICE_FAMILY = "1,2";
				TEST_HOST = "$(BUILT_PRODUCTS_DIR)/Hi-SwiftUI.app/$(BUNDLE_EXECUTABLE_FOLDER_PATH)/Hi-SwiftUI";
			};
			name = Debug;
		};
		8E447C142BBD52DF009B0FBF /* Release */ = {
			isa = XCBuildConfiguration;
			buildSettings = {
				ALWAYS_EMBED_SWIFT_STANDARD_LIBRARIES = YES;
				BUNDLE_LOADER = "$(TEST_HOST)";
				CODE_SIGN_STYLE = Automatic;
				CURRENT_PROJECT_VERSION = 1;
				DEVELOPMENT_TEAM = 2SRTBWK6P4;
				GENERATE_INFOPLIST_FILE = YES;
				IPHONEOS_DEPLOYMENT_TARGET = 17.0;
				MARKETING_VERSION = 1.0;
				PRODUCT_BUNDLE_IDENTIFIER = "cn.hsa.hi-swiftui.Hi-SwiftUITests";
				PRODUCT_NAME = "$(TARGET_NAME)";
				SWIFT_EMIT_LOC_STRINGS = NO;
				SWIFT_VERSION = 5.0;
				TARGETED_DEVICE_FAMILY = "1,2";
				TEST_HOST = "$(BUILT_PRODUCTS_DIR)/Hi-SwiftUI.app/$(BUNDLE_EXECUTABLE_FOLDER_PATH)/Hi-SwiftUI";
			};
			name = Release;
		};
		8E447C162BBD52DF009B0FBF /* Debug */ = {
			isa = XCBuildConfiguration;
			buildSettings = {
				ALWAYS_EMBED_SWIFT_STANDARD_LIBRARIES = YES;
				CODE_SIGN_STYLE = Automatic;
				CURRENT_PROJECT_VERSION = 1;
				DEVELOPMENT_TEAM = 2SRTBWK6P4;
				GENERATE_INFOPLIST_FILE = YES;
				MARKETING_VERSION = 1.0;
				PRODUCT_BUNDLE_IDENTIFIER = "cn.hsa.hi-swiftui.Hi-SwiftUIUITests";
				PRODUCT_NAME = "$(TARGET_NAME)";
				SWIFT_EMIT_LOC_STRINGS = NO;
				SWIFT_VERSION = 5.0;
				TARGETED_DEVICE_FAMILY = "1,2";
				TEST_TARGET_NAME = "Hi-SwiftUI";
			};
			name = Debug;
		};
		8E447C172BBD52DF009B0FBF /* Release */ = {
			isa = XCBuildConfiguration;
			buildSettings = {
				ALWAYS_EMBED_SWIFT_STANDARD_LIBRARIES = YES;
				CODE_SIGN_STYLE = Automatic;
				CURRENT_PROJECT_VERSION = 1;
				DEVELOPMENT_TEAM = 2SRTBWK6P4;
				GENERATE_INFOPLIST_FILE = YES;
				MARKETING_VERSION = 1.0;
				PRODUCT_BUNDLE_IDENTIFIER = "cn.hsa.hi-swiftui.Hi-SwiftUIUITests";
				PRODUCT_NAME = "$(TARGET_NAME)";
				SWIFT_EMIT_LOC_STRINGS = NO;
				SWIFT_VERSION = 5.0;
				TARGETED_DEVICE_FAMILY = "1,2";
				TEST_TARGET_NAME = "Hi-SwiftUI";
			};
			name = Release;
		};
/* End XCBuildConfiguration section */

/* Begin XCConfigurationList section */
		8E447BE62BBD52DE009B0FBF /* Build configuration list for PBXProject "Hi-SwiftUI" */ = {
			isa = XCConfigurationList;
			buildConfigurations = (
				8E447C0D2BBD52DF009B0FBF /* Debug */,
				8E447C0E2BBD52DF009B0FBF /* Release */,
			);
			defaultConfigurationIsVisible = 0;
			defaultConfigurationName = Release;
		};
		8E447C0F2BBD52DF009B0FBF /* Build configuration list for PBXNativeTarget "Hi-SwiftUI" */ = {
			isa = XCConfigurationList;
			buildConfigurations = (
				8E447C102BBD52DF009B0FBF /* Debug */,
				8E447C112BBD52DF009B0FBF /* Release */,
			);
			defaultConfigurationIsVisible = 0;
			defaultConfigurationName = Release;
		};
		8E447C122BBD52DF009B0FBF /* Build configuration list for PBXNativeTarget "Hi-SwiftUITests" */ = {
			isa = XCConfigurationList;
			buildConfigurations = (
				8E447C132BBD52DF009B0FBF /* Debug */,
				8E447C142BBD52DF009B0FBF /* Release */,
			);
			defaultConfigurationIsVisible = 0;
			defaultConfigurationName = Release;
		};
		8E447C152BBD52DF009B0FBF /* Build configuration list for PBXNativeTarget "Hi-SwiftUIUITests" */ = {
			isa = XCConfigurationList;
			buildConfigurations = (
				8E447C162BBD52DF009B0FBF /* Debug */,
				8E447C172BBD52DF009B0FBF /* Release */,
			);
			defaultConfigurationIsVisible = 0;
			defaultConfigurationName = Release;
		};
/* End XCConfigurationList section */
	};
	rootObject = 8E447BE32BBD52DE009B0FBF /* Project object */;
}
